// !$*UTF8*$!
{
	archiveVersion = 1;
	classes = {
	};
	objectVersion = 46;
	objects = {

/* Begin PBXBuildFile section */
		4397671617B05E280040C947 /* FLImageView.m in Sources */ = {isa = PBXBuildFile; fileRef = 4397670C17B057D40040C947 /* FLImageView.m */; settings = {COMPILER_FLAGS = "-fno-objc-arc"; }; };
		4397671717B05E2B0040C947 /* FullyLoaded.m in Sources */ = {isa = PBXBuildFile; fileRef = 4397670E17B057D40040C947 /* FullyLoaded.m */; settings = {COMPILER_FLAGS = "-fno-objc-arc"; }; };
		4397673417B067910040C947 /* ASINetworkQueue.m in Sources */ = {isa = PBXBuildFile; fileRef = 4397672A17B0669D0040C947 /* ASINetworkQueue.m */; settings = {COMPILER_FLAGS = "-fno-objc-arc"; }; };
		4397673517B067950040C947 /* ASIInputStream.m in Sources */ = {isa = PBXBuildFile; fileRef = 4397672817B0669C0040C947 /* ASIInputStream.m */; settings = {COMPILER_FLAGS = "-fno-objc-arc"; }; };
		4397673617B0679F0040C947 /* ASIHTTPRequest.m in Sources */ = {isa = PBXBuildFile; fileRef = 4397672417B0669C0040C947 /* ASIHTTPRequest.m */; settings = {COMPILER_FLAGS = "-fno-objc-arc"; }; };
		4397673717B067AB0040C947 /* ASIFormDataRequest.m in Sources */ = {isa = PBXBuildFile; fileRef = 4397672217B0669C0040C947 /* ASIFormDataRequest.m */; settings = {COMPILER_FLAGS = "-fno-objc-arc"; }; };
		4397673817B067AF0040C947 /* ASIDownloadCache.m in Sources */ = {isa = PBXBuildFile; fileRef = 4397672017B0669C0040C947 /* ASIDownloadCache.m */; settings = {COMPILER_FLAGS = "-fno-objc-arc"; }; };
		4397673917B067B20040C947 /* ASIDataDecompressor.m in Sources */ = {isa = PBXBuildFile; fileRef = 4397671E17B0669C0040C947 /* ASIDataDecompressor.m */; settings = {COMPILER_FLAGS = "-fno-objc-arc"; }; };
		4397673A17B067B60040C947 /* ASIDataCompressor.m in Sources */ = {isa = PBXBuildFile; fileRef = 4397671C17B0669C0040C947 /* ASIDataCompressor.m */; settings = {COMPILER_FLAGS = "-fno-objc-arc"; }; };
		4397673B17B067B90040C947 /* ASIAuthenticationDialog.m in Sources */ = {isa = PBXBuildFile; fileRef = 4397671917B0669C0040C947 /* ASIAuthenticationDialog.m */; settings = {COMPILER_FLAGS = "-fno-objc-arc"; }; };
		4397673E17B068800040C947 /* Reachability.m in Sources */ = {isa = PBXBuildFile; fileRef = 4397673C17B0687F0040C947 /* Reachability.m */; settings = {COMPILER_FLAGS = "-fno-objc-arc"; }; };
		4397674017B06AE90040C947 /* libz.dylib in Frameworks */ = {isa = PBXBuildFile; fileRef = 4397673F17B06AE80040C947 /* libz.dylib */; };
		4397674417B16E470040C947 /* LAPostCell.m in Sources */ = {isa = PBXBuildFile; fileRef = 4397674217B16E350040C947 /* LAPostCell.m */; };
		4397674617B1A89F0040C947 /* Instagram1.png in Resources */ = {isa = PBXBuildFile; fileRef = 4397674517B1A89F0040C947 /* Instagram1.png */; };
		4397674A17B1BCD80040C947 /* LAPostItem.m in Sources */ = {isa = PBXBuildFile; fileRef = 4397674917B1BCD80040C947 /* LAPostItem.m */; };
		4397674C17B2A75C0040C947 /* placeholder.png in Resources */ = {isa = PBXBuildFile; fileRef = 4397674B17B2A75C0040C947 /* placeholder.png */; };
		43DC44B717A79638005729D8 /* LAStoreManager.m in Sources */ = {isa = PBXBuildFile; fileRef = 43DC44B617A79638005729D8 /* LAStoreManager.m */; };
		43DC44B917A7966E005729D8 /* Parse.framework in Frameworks */ = {isa = PBXBuildFile; fileRef = 43DC44B817A7966E005729D8 /* Parse.framework */; };
		43DC44BC17A7A0EF005729D8 /* AudioToolbox.framework in Frameworks */ = {isa = PBXBuildFile; fileRef = 43DC44BB17A7A0EF005729D8 /* AudioToolbox.framework */; };
		43DC44BE17A7A10A005729D8 /* CoreLocation.framework in Frameworks */ = {isa = PBXBuildFile; fileRef = 43DC44BD17A7A10A005729D8 /* CoreLocation.framework */; };
		43DC44C017A7A125005729D8 /* CFNetwork.framework in Frameworks */ = {isa = PBXBuildFile; fileRef = 43DC44BF17A7A125005729D8 /* CFNetwork.framework */; };
		43DC44C217A7A159005729D8 /* Security.framework in Frameworks */ = {isa = PBXBuildFile; fileRef = 43DC44C117A7A159005729D8 /* Security.framework */; };
		43DC44C417A7A186005729D8 /* SystemConfiguration.framework in Frameworks */ = {isa = PBXBuildFile; fileRef = 43DC44C317A7A186005729D8 /* SystemConfiguration.framework */; };
		43DC44C617A7A1BE005729D8 /* MobileCoreServices.framework in Frameworks */ = {isa = PBXBuildFile; fileRef = 43DC44C517A7A1BE005729D8 /* MobileCoreServices.framework */; };
		6588D02717A4BCC500B6C498 /* UIKit.framework in Frameworks */ = {isa = PBXBuildFile; fileRef = 6588D02617A4BCC500B6C498 /* UIKit.framework */; };
		6588D02917A4BCC500B6C498 /* Foundation.framework in Frameworks */ = {isa = PBXBuildFile; fileRef = 6588D02817A4BCC500B6C498 /* Foundation.framework */; };
		6588D02B17A4BCC500B6C498 /* CoreGraphics.framework in Frameworks */ = {isa = PBXBuildFile; fileRef = 6588D02A17A4BCC500B6C498 /* CoreGraphics.framework */; };
		6588D03117A4BCC500B6C498 /* InfoPlist.strings in Resources */ = {isa = PBXBuildFile; fileRef = 6588D02F17A4BCC500B6C498 /* InfoPlist.strings */; };
		6588D03317A4BCC500B6C498 /* main.m in Sources */ = {isa = PBXBuildFile; fileRef = 6588D03217A4BCC500B6C498 /* main.m */; };
		6588D03717A4BCC500B6C498 /* LAAppDelegate.m in Sources */ = {isa = PBXBuildFile; fileRef = 6588D03617A4BCC500B6C498 /* LAAppDelegate.m */; };
		6588D03917A4BCC500B6C498 /* Default.png in Resources */ = {isa = PBXBuildFile; fileRef = 6588D03817A4BCC500B6C498 /* Default.png */; };
		6588D03B17A4BCC500B6C498 /* Default@2x.png in Resources */ = {isa = PBXBuildFile; fileRef = 6588D03A17A4BCC500B6C498 /* Default@2x.png */; };
		6588D03D17A4BCC500B6C498 /* Default-568h@2x.png in Resources */ = {isa = PBXBuildFile; fileRef = 6588D03C17A4BCC500B6C498 /* Default-568h@2x.png */; };
		6588D04017A4BCC500B6C498 /* MainStoryboard.storyboard in Resources */ = {isa = PBXBuildFile; fileRef = 6588D03E17A4BCC500B6C498 /* MainStoryboard.storyboard */; };
		6588D04317A4BCC500B6C498 /* LAFeedViewController.m in Sources */ = {isa = PBXBuildFile; fileRef = 6588D04217A4BCC500B6C498 /* LAFeedViewController.m */; };
		6588D04617A4BCC500B6C498 /* LADetailViewController.m in Sources */ = {isa = PBXBuildFile; fileRef = 6588D04517A4BCC500B6C498 /* LADetailViewController.m */; };
		6588D04E17A4BCC500B6C498 /* SenTestingKit.framework in Frameworks */ = {isa = PBXBuildFile; fileRef = 6588D04D17A4BCC500B6C498 /* SenTestingKit.framework */; };
		6588D04F17A4BCC500B6C498 /* UIKit.framework in Frameworks */ = {isa = PBXBuildFile; fileRef = 6588D02617A4BCC500B6C498 /* UIKit.framework */; };
		6588D05017A4BCC500B6C498 /* Foundation.framework in Frameworks */ = {isa = PBXBuildFile; fileRef = 6588D02817A4BCC500B6C498 /* Foundation.framework */; };
		6588D05817A4BCC500B6C498 /* InfoPlist.strings in Resources */ = {isa = PBXBuildFile; fileRef = 6588D05617A4BCC500B6C498 /* InfoPlist.strings */; };
		6588D05B17A4BCC500B6C498 /* _LOSALTests.m in Sources */ = {isa = PBXBuildFile; fileRef = 6588D05A17A4BCC500B6C498 /* _LOSALTests.m */; };
		6588D06617A4BEBF00B6C498 /* LASplashViewController.m in Sources */ = {isa = PBXBuildFile; fileRef = 6588D06517A4BEBF00B6C498 /* LASplashViewController.m */; };
		6588D0AA17A4C02D00B6C498 /* ECSlidingViewController.m in Sources */ = {isa = PBXBuildFile; fileRef = 6588D0A717A4C02D00B6C498 /* ECSlidingViewController.m */; };
		6588D0AB17A4C02D00B6C498 /* UIImage+ImageWithUIView.m in Sources */ = {isa = PBXBuildFile; fileRef = 6588D0A917A4C02D00B6C498 /* UIImage+ImageWithUIView.m */; };
		6588D0AE17A4C31C00B6C498 /* LAMenuViewController.m in Sources */ = {isa = PBXBuildFile; fileRef = 6588D0AD17A4C31C00B6C498 /* LAMenuViewController.m */; };
		6588D0B217A4C9CE00B6C498 /* menuBtn.png in Resources */ = {isa = PBXBuildFile; fileRef = 6588D0B117A4C9CE00B6C498 /* menuBtn.png */; };
		65C5354817B2B70E005D4514 /* LAAlertsViewController.m in Sources */ = {isa = PBXBuildFile; fileRef = 65C5354717B2B70E005D4514 /* LAAlertsViewController.m */; };
		65FA587117A9CB70006598B1 /* LAPostItem2.m in Sources */ = {isa = PBXBuildFile; fileRef = 65FA587017A9CB70006598B1 /* LAPostItem2.m */; };
		65FA587417A9CCF2006598B1 /* LAPostManager.m in Sources */ = {isa = PBXBuildFile; fileRef = 65FA587317A9CCF2006598B1 /* LAPostManager.m */; };
/* End PBXBuildFile section */

/* Begin PBXContainerItemProxy section */
		6588D05117A4BCC500B6C498 /* PBXContainerItemProxy */ = {
			isa = PBXContainerItemProxy;
			containerPortal = 6588D01B17A4BCC500B6C498 /* Project object */;
			proxyType = 1;
			remoteGlobalIDString = 6588D02217A4BCC500B6C498;
			remoteInfo = "#LOSAL";
		};
/* End PBXContainerItemProxy section */

/* Begin PBXFileReference section */
		4397670B17B057D40040C947 /* FLImageView.h */ = {isa = PBXFileReference; fileEncoding = 4; lastKnownFileType = sourcecode.c.h; path = FLImageView.h; sourceTree = "<group>"; };
		4397670C17B057D40040C947 /* FLImageView.m */ = {isa = PBXFileReference; fileEncoding = 4; lastKnownFileType = sourcecode.c.objc; path = FLImageView.m; sourceTree = "<group>"; };
		4397670D17B057D40040C947 /* FullyLoaded.h */ = {isa = PBXFileReference; fileEncoding = 4; lastKnownFileType = sourcecode.c.h; path = FullyLoaded.h; sourceTree = "<group>"; };
		4397670E17B057D40040C947 /* FullyLoaded.m */ = {isa = PBXFileReference; fileEncoding = 4; lastKnownFileType = sourcecode.c.objc; path = FullyLoaded.m; sourceTree = "<group>"; };
		4397670F17B057D40040C947 /* SynthesizeSingleton.h */ = {isa = PBXFileReference; fileEncoding = 4; lastKnownFileType = sourcecode.c.h; path = SynthesizeSingleton.h; sourceTree = "<group>"; };
		4397671817B0669C0040C947 /* ASIAuthenticationDialog.h */ = {isa = PBXFileReference; fileEncoding = 4; lastKnownFileType = sourcecode.c.h; path = ASIAuthenticationDialog.h; sourceTree = "<group>"; };
		4397671917B0669C0040C947 /* ASIAuthenticationDialog.m */ = {isa = PBXFileReference; fileEncoding = 4; lastKnownFileType = sourcecode.c.objc; path = ASIAuthenticationDialog.m; sourceTree = "<group>"; };
		4397671A17B0669C0040C947 /* ASICacheDelegate.h */ = {isa = PBXFileReference; fileEncoding = 4; lastKnownFileType = sourcecode.c.h; path = ASICacheDelegate.h; sourceTree = "<group>"; };
		4397671B17B0669C0040C947 /* ASIDataCompressor.h */ = {isa = PBXFileReference; fileEncoding = 4; lastKnownFileType = sourcecode.c.h; path = ASIDataCompressor.h; sourceTree = "<group>"; };
		4397671C17B0669C0040C947 /* ASIDataCompressor.m */ = {isa = PBXFileReference; fileEncoding = 4; lastKnownFileType = sourcecode.c.objc; path = ASIDataCompressor.m; sourceTree = "<group>"; };
		4397671D17B0669C0040C947 /* ASIDataDecompressor.h */ = {isa = PBXFileReference; fileEncoding = 4; lastKnownFileType = sourcecode.c.h; path = ASIDataDecompressor.h; sourceTree = "<group>"; };
		4397671E17B0669C0040C947 /* ASIDataDecompressor.m */ = {isa = PBXFileReference; fileEncoding = 4; lastKnownFileType = sourcecode.c.objc; path = ASIDataDecompressor.m; sourceTree = "<group>"; };
		4397671F17B0669C0040C947 /* ASIDownloadCache.h */ = {isa = PBXFileReference; fileEncoding = 4; lastKnownFileType = sourcecode.c.h; path = ASIDownloadCache.h; sourceTree = "<group>"; };
		4397672017B0669C0040C947 /* ASIDownloadCache.m */ = {isa = PBXFileReference; fileEncoding = 4; lastKnownFileType = sourcecode.c.objc; path = ASIDownloadCache.m; sourceTree = "<group>"; };
		4397672117B0669C0040C947 /* ASIFormDataRequest.h */ = {isa = PBXFileReference; fileEncoding = 4; lastKnownFileType = sourcecode.c.h; path = ASIFormDataRequest.h; sourceTree = "<group>"; };
		4397672217B0669C0040C947 /* ASIFormDataRequest.m */ = {isa = PBXFileReference; fileEncoding = 4; lastKnownFileType = sourcecode.c.objc; path = ASIFormDataRequest.m; sourceTree = "<group>"; };
		4397672317B0669C0040C947 /* ASIHTTPRequest.h */ = {isa = PBXFileReference; fileEncoding = 4; lastKnownFileType = sourcecode.c.h; path = ASIHTTPRequest.h; sourceTree = "<group>"; };
		4397672417B0669C0040C947 /* ASIHTTPRequest.m */ = {isa = PBXFileReference; fileEncoding = 4; lastKnownFileType = sourcecode.c.objc; path = ASIHTTPRequest.m; sourceTree = "<group>"; };
		4397672517B0669C0040C947 /* ASIHTTPRequestConfig.h */ = {isa = PBXFileReference; fileEncoding = 4; lastKnownFileType = sourcecode.c.h; path = ASIHTTPRequestConfig.h; sourceTree = "<group>"; };
		4397672617B0669C0040C947 /* ASIHTTPRequestDelegate.h */ = {isa = PBXFileReference; fileEncoding = 4; lastKnownFileType = sourcecode.c.h; path = ASIHTTPRequestDelegate.h; sourceTree = "<group>"; };
		4397672717B0669C0040C947 /* ASIInputStream.h */ = {isa = PBXFileReference; fileEncoding = 4; lastKnownFileType = sourcecode.c.h; path = ASIInputStream.h; sourceTree = "<group>"; };
		4397672817B0669C0040C947 /* ASIInputStream.m */ = {isa = PBXFileReference; fileEncoding = 4; lastKnownFileType = sourcecode.c.objc; path = ASIInputStream.m; sourceTree = "<group>"; };
		4397672917B0669D0040C947 /* ASINetworkQueue.h */ = {isa = PBXFileReference; fileEncoding = 4; lastKnownFileType = sourcecode.c.h; path = ASINetworkQueue.h; sourceTree = "<group>"; };
		4397672A17B0669D0040C947 /* ASINetworkQueue.m */ = {isa = PBXFileReference; fileEncoding = 4; lastKnownFileType = sourcecode.c.objc; path = ASINetworkQueue.m; sourceTree = "<group>"; };
		4397672B17B0669D0040C947 /* ASIProgressDelegate.h */ = {isa = PBXFileReference; fileEncoding = 4; lastKnownFileType = sourcecode.c.h; path = ASIProgressDelegate.h; sourceTree = "<group>"; };
		4397673C17B0687F0040C947 /* Reachability.m */ = {isa = PBXFileReference; fileEncoding = 4; lastKnownFileType = sourcecode.c.objc; path = Reachability.m; sourceTree = "<group>"; };
		4397673D17B0687F0040C947 /* Reachability.h */ = {isa = PBXFileReference; fileEncoding = 4; lastKnownFileType = sourcecode.c.h; path = Reachability.h; sourceTree = "<group>"; };
		4397673F17B06AE80040C947 /* libz.dylib */ = {isa = PBXFileReference; lastKnownFileType = "compiled.mach-o.dylib"; name = libz.dylib; path = usr/lib/libz.dylib; sourceTree = SDKROOT; };
		4397674117B16E350040C947 /* LAPostCell.h */ = {isa = PBXFileReference; fileEncoding = 4; lastKnownFileType = sourcecode.c.h; path = LAPostCell.h; sourceTree = "<group>"; };
		4397674217B16E350040C947 /* LAPostCell.m */ = {isa = PBXFileReference; fileEncoding = 4; lastKnownFileType = sourcecode.c.objc; path = LAPostCell.m; sourceTree = "<group>"; };
		4397674517B1A89F0040C947 /* Instagram1.png */ = {isa = PBXFileReference; lastKnownFileType = image.png; path = Instagram1.png; sourceTree = "<group>"; };
		4397674817B1BCD80040C947 /* LAPostItem.h */ = {isa = PBXFileReference; fileEncoding = 4; lastKnownFileType = sourcecode.c.h; path = LAPostItem.h; sourceTree = "<group>"; };
		4397674917B1BCD80040C947 /* LAPostItem.m */ = {isa = PBXFileReference; fileEncoding = 4; lastKnownFileType = sourcecode.c.objc; path = LAPostItem.m; sourceTree = "<group>"; };
		4397674B17B2A75C0040C947 /* placeholder.png */ = {isa = PBXFileReference; lastKnownFileType = image.png; path = placeholder.png; sourceTree = "<group>"; };
		43DC44B517A79638005729D8 /* LAStoreManager.h */ = {isa = PBXFileReference; fileEncoding = 4; lastKnownFileType = sourcecode.c.h; path = LAStoreManager.h; sourceTree = "<group>"; };
		43DC44B617A79638005729D8 /* LAStoreManager.m */ = {isa = PBXFileReference; fileEncoding = 4; lastKnownFileType = sourcecode.c.objc; path = LAStoreManager.m; sourceTree = "<group>"; };
		43DC44B817A7966E005729D8 /* Parse.framework */ = {isa = PBXFileReference; lastKnownFileType = wrapper.framework; path = Parse.framework; sourceTree = "<group>"; };
		43DC44BB17A7A0EF005729D8 /* AudioToolbox.framework */ = {isa = PBXFileReference; lastKnownFileType = wrapper.framework; name = AudioToolbox.framework; path = System/Library/Frameworks/AudioToolbox.framework; sourceTree = SDKROOT; };
		43DC44BD17A7A10A005729D8 /* CoreLocation.framework */ = {isa = PBXFileReference; lastKnownFileType = wrapper.framework; name = CoreLocation.framework; path = System/Library/Frameworks/CoreLocation.framework; sourceTree = SDKROOT; };
		43DC44BF17A7A125005729D8 /* CFNetwork.framework */ = {isa = PBXFileReference; lastKnownFileType = wrapper.framework; name = CFNetwork.framework; path = System/Library/Frameworks/CFNetwork.framework; sourceTree = SDKROOT; };
		43DC44C117A7A159005729D8 /* Security.framework */ = {isa = PBXFileReference; lastKnownFileType = wrapper.framework; name = Security.framework; path = System/Library/Frameworks/Security.framework; sourceTree = SDKROOT; };
		43DC44C317A7A186005729D8 /* SystemConfiguration.framework */ = {isa = PBXFileReference; lastKnownFileType = wrapper.framework; name = SystemConfiguration.framework; path = System/Library/Frameworks/SystemConfiguration.framework; sourceTree = SDKROOT; };
		43DC44C517A7A1BE005729D8 /* MobileCoreServices.framework */ = {isa = PBXFileReference; lastKnownFileType = wrapper.framework; name = MobileCoreServices.framework; path = System/Library/Frameworks/MobileCoreServices.framework; sourceTree = SDKROOT; };
		6588D02317A4BCC500B6C498 /* #LOSAL.app */ = {isa = PBXFileReference; explicitFileType = wrapper.application; includeInIndex = 0; path = "#LOSAL.app"; sourceTree = BUILT_PRODUCTS_DIR; };
		6588D02617A4BCC500B6C498 /* UIKit.framework */ = {isa = PBXFileReference; lastKnownFileType = wrapper.framework; name = UIKit.framework; path = System/Library/Frameworks/UIKit.framework; sourceTree = SDKROOT; };
		6588D02817A4BCC500B6C498 /* Foundation.framework */ = {isa = PBXFileReference; lastKnownFileType = wrapper.framework; name = Foundation.framework; path = System/Library/Frameworks/Foundation.framework; sourceTree = SDKROOT; };
		6588D02A17A4BCC500B6C498 /* CoreGraphics.framework */ = {isa = PBXFileReference; lastKnownFileType = wrapper.framework; name = CoreGraphics.framework; path = System/Library/Frameworks/CoreGraphics.framework; sourceTree = SDKROOT; };
		6588D02E17A4BCC500B6C498 /* #LOSAL-Info.plist */ = {isa = PBXFileReference; lastKnownFileType = text.plist.xml; path = "#LOSAL-Info.plist"; sourceTree = "<group>"; };
		6588D03017A4BCC500B6C498 /* en */ = {isa = PBXFileReference; lastKnownFileType = text.plist.strings; name = en; path = en.lproj/InfoPlist.strings; sourceTree = "<group>"; };
		6588D03217A4BCC500B6C498 /* main.m */ = {isa = PBXFileReference; lastKnownFileType = sourcecode.c.objc; path = main.m; sourceTree = "<group>"; };
		6588D03417A4BCC500B6C498 /* #LOSAL-Prefix.pch */ = {isa = PBXFileReference; lastKnownFileType = sourcecode.c.h; path = "#LOSAL-Prefix.pch"; sourceTree = "<group>"; };
		6588D03517A4BCC500B6C498 /* LAAppDelegate.h */ = {isa = PBXFileReference; lastKnownFileType = sourcecode.c.h; path = LAAppDelegate.h; sourceTree = "<group>"; };
		6588D03617A4BCC500B6C498 /* LAAppDelegate.m */ = {isa = PBXFileReference; lastKnownFileType = sourcecode.c.objc; path = LAAppDelegate.m; sourceTree = "<group>"; };
		6588D03817A4BCC500B6C498 /* Default.png */ = {isa = PBXFileReference; lastKnownFileType = image.png; path = Default.png; sourceTree = "<group>"; };
		6588D03A17A4BCC500B6C498 /* Default@2x.png */ = {isa = PBXFileReference; lastKnownFileType = image.png; path = "Default@2x.png"; sourceTree = "<group>"; };
		6588D03C17A4BCC500B6C498 /* Default-568h@2x.png */ = {isa = PBXFileReference; lastKnownFileType = image.png; path = "Default-568h@2x.png"; sourceTree = "<group>"; };
		6588D03F17A4BCC500B6C498 /* en */ = {isa = PBXFileReference; lastKnownFileType = file.storyboard; name = en; path = en.lproj/MainStoryboard.storyboard; sourceTree = "<group>"; };
		6588D04117A4BCC500B6C498 /* LAFeedViewController.h */ = {isa = PBXFileReference; lastKnownFileType = sourcecode.c.h; path = LAFeedViewController.h; sourceTree = "<group>"; };
		6588D04217A4BCC500B6C498 /* LAFeedViewController.m */ = {isa = PBXFileReference; lastKnownFileType = sourcecode.c.objc; path = LAFeedViewController.m; sourceTree = "<group>"; };
		6588D04417A4BCC500B6C498 /* LADetailViewController.h */ = {isa = PBXFileReference; lastKnownFileType = sourcecode.c.h; path = LADetailViewController.h; sourceTree = "<group>"; };
		6588D04517A4BCC500B6C498 /* LADetailViewController.m */ = {isa = PBXFileReference; lastKnownFileType = sourcecode.c.objc; path = LADetailViewController.m; sourceTree = "<group>"; };
		6588D04C17A4BCC500B6C498 /* #LOSALTests.octest */ = {isa = PBXFileReference; explicitFileType = wrapper.cfbundle; includeInIndex = 0; path = "#LOSALTests.octest"; sourceTree = BUILT_PRODUCTS_DIR; };
		6588D04D17A4BCC500B6C498 /* SenTestingKit.framework */ = {isa = PBXFileReference; lastKnownFileType = wrapper.framework; name = SenTestingKit.framework; path = Library/Frameworks/SenTestingKit.framework; sourceTree = DEVELOPER_DIR; };
		6588D05517A4BCC500B6C498 /* #LOSALTests-Info.plist */ = {isa = PBXFileReference; lastKnownFileType = text.plist.xml; path = "#LOSALTests-Info.plist"; sourceTree = "<group>"; };
		6588D05717A4BCC500B6C498 /* en */ = {isa = PBXFileReference; lastKnownFileType = text.plist.strings; name = en; path = en.lproj/InfoPlist.strings; sourceTree = "<group>"; };
		6588D05917A4BCC500B6C498 /* _LOSALTests.h */ = {isa = PBXFileReference; lastKnownFileType = sourcecode.c.h; path = _LOSALTests.h; sourceTree = "<group>"; };
		6588D05A17A4BCC500B6C498 /* _LOSALTests.m */ = {isa = PBXFileReference; lastKnownFileType = sourcecode.c.objc; path = _LOSALTests.m; sourceTree = "<group>"; };
		6588D06417A4BEBF00B6C498 /* LASplashViewController.h */ = {isa = PBXFileReference; fileEncoding = 4; lastKnownFileType = sourcecode.c.h; path = LASplashViewController.h; sourceTree = "<group>"; };
		6588D06517A4BEBF00B6C498 /* LASplashViewController.m */ = {isa = PBXFileReference; fileEncoding = 4; lastKnownFileType = sourcecode.c.objc; path = LASplashViewController.m; sourceTree = "<group>"; };
		6588D0A617A4C02D00B6C498 /* ECSlidingViewController.h */ = {isa = PBXFileReference; fileEncoding = 4; lastKnownFileType = sourcecode.c.h; path = ECSlidingViewController.h; sourceTree = "<group>"; };
		6588D0A717A4C02D00B6C498 /* ECSlidingViewController.m */ = {isa = PBXFileReference; fileEncoding = 4; lastKnownFileType = sourcecode.c.objc; path = ECSlidingViewController.m; sourceTree = "<group>"; };
		6588D0A817A4C02D00B6C498 /* UIImage+ImageWithUIView.h */ = {isa = PBXFileReference; fileEncoding = 4; lastKnownFileType = sourcecode.c.h; path = "UIImage+ImageWithUIView.h"; sourceTree = "<group>"; };
		6588D0A917A4C02D00B6C498 /* UIImage+ImageWithUIView.m */ = {isa = PBXFileReference; fileEncoding = 4; lastKnownFileType = sourcecode.c.objc; path = "UIImage+ImageWithUIView.m"; sourceTree = "<group>"; };
		6588D0AC17A4C31C00B6C498 /* LAMenuViewController.h */ = {isa = PBXFileReference; fileEncoding = 4; lastKnownFileType = sourcecode.c.h; path = LAMenuViewController.h; sourceTree = "<group>"; };
		6588D0AD17A4C31C00B6C498 /* LAMenuViewController.m */ = {isa = PBXFileReference; fileEncoding = 4; lastKnownFileType = sourcecode.c.objc; path = LAMenuViewController.m; sourceTree = "<group>"; };
		6588D0B117A4C9CE00B6C498 /* menuBtn.png */ = {isa = PBXFileReference; lastKnownFileType = image.png; path = menuBtn.png; sourceTree = "<group>"; };
		65C5354617B2B70E005D4514 /* LAAlertsViewController.h */ = {isa = PBXFileReference; fileEncoding = 4; lastKnownFileType = sourcecode.c.h; path = LAAlertsViewController.h; sourceTree = "<group>"; };
		65C5354717B2B70E005D4514 /* LAAlertsViewController.m */ = {isa = PBXFileReference; fileEncoding = 4; lastKnownFileType = sourcecode.c.objc; path = LAAlertsViewController.m; sourceTree = "<group>"; };
		65FA586F17A9CB70006598B1 /* LAPostItem2.h */ = {isa = PBXFileReference; fileEncoding = 4; lastKnownFileType = sourcecode.c.h; path = LAPostItem2.h; sourceTree = "<group>"; };
		65FA587017A9CB70006598B1 /* LAPostItem2.m */ = {isa = PBXFileReference; fileEncoding = 4; lastKnownFileType = sourcecode.c.objc; path = LAPostItem2.m; sourceTree = "<group>"; };
		65FA587217A9CCF2006598B1 /* LAPostManager.h */ = {isa = PBXFileReference; fileEncoding = 4; lastKnownFileType = sourcecode.c.h; path = LAPostManager.h; sourceTree = "<group>"; };
		65FA587317A9CCF2006598B1 /* LAPostManager.m */ = {isa = PBXFileReference; fileEncoding = 4; lastKnownFileType = sourcecode.c.objc; path = LAPostManager.m; sourceTree = "<group>"; };
/* End PBXFileReference section */

/* Begin PBXFrameworksBuildPhase section */
		6588D02017A4BCC500B6C498 /* Frameworks */ = {
			isa = PBXFrameworksBuildPhase;
			buildActionMask = 2147483647;
			files = (
				4397674017B06AE90040C947 /* libz.dylib in Frameworks */,
				43DC44C617A7A1BE005729D8 /* MobileCoreServices.framework in Frameworks */,
				43DC44C417A7A186005729D8 /* SystemConfiguration.framework in Frameworks */,
				43DC44C217A7A159005729D8 /* Security.framework in Frameworks */,
				43DC44C017A7A125005729D8 /* CFNetwork.framework in Frameworks */,
				43DC44BE17A7A10A005729D8 /* CoreLocation.framework in Frameworks */,
				43DC44BC17A7A0EF005729D8 /* AudioToolbox.framework in Frameworks */,
				6588D02717A4BCC500B6C498 /* UIKit.framework in Frameworks */,
				6588D02917A4BCC500B6C498 /* Foundation.framework in Frameworks */,
				6588D02B17A4BCC500B6C498 /* CoreGraphics.framework in Frameworks */,
				43DC44B917A7966E005729D8 /* Parse.framework in Frameworks */,
			);
			runOnlyForDeploymentPostprocessing = 0;
		};
		6588D04817A4BCC500B6C498 /* Frameworks */ = {
			isa = PBXFrameworksBuildPhase;
			buildActionMask = 2147483647;
			files = (
				6588D04E17A4BCC500B6C498 /* SenTestingKit.framework in Frameworks */,
				6588D04F17A4BCC500B6C498 /* UIKit.framework in Frameworks */,
				6588D05017A4BCC500B6C498 /* Foundation.framework in Frameworks */,
			);
			runOnlyForDeploymentPostprocessing = 0;
		};
/* End PBXFrameworksBuildPhase section */

/* Begin PBXGroup section */
		4397670A17B057A40040C947 /* FullyLoaded */ = {
			isa = PBXGroup;
			children = (
				4397670B17B057D40040C947 /* FLImageView.h */,
				4397670C17B057D40040C947 /* FLImageView.m */,
				4397670D17B057D40040C947 /* FullyLoaded.h */,
				4397670E17B057D40040C947 /* FullyLoaded.m */,
				4397670F17B057D40040C947 /* SynthesizeSingleton.h */,
			);
			name = FullyLoaded;
			sourceTree = "<group>";
		};
		4397671217B05BEF0040C947 /* ASIHttpRequest */ = {
			isa = PBXGroup;
			children = (
				4397673C17B0687F0040C947 /* Reachability.m */,
				4397673D17B0687F0040C947 /* Reachability.h */,
				4397671817B0669C0040C947 /* ASIAuthenticationDialog.h */,
				4397671917B0669C0040C947 /* ASIAuthenticationDialog.m */,
				4397671A17B0669C0040C947 /* ASICacheDelegate.h */,
				4397671B17B0669C0040C947 /* ASIDataCompressor.h */,
				4397671C17B0669C0040C947 /* ASIDataCompressor.m */,
				4397671D17B0669C0040C947 /* ASIDataDecompressor.h */,
				4397671E17B0669C0040C947 /* ASIDataDecompressor.m */,
				4397671F17B0669C0040C947 /* ASIDownloadCache.h */,
				4397672017B0669C0040C947 /* ASIDownloadCache.m */,
				4397672117B0669C0040C947 /* ASIFormDataRequest.h */,
				4397672217B0669C0040C947 /* ASIFormDataRequest.m */,
				4397672317B0669C0040C947 /* ASIHTTPRequest.h */,
				4397672417B0669C0040C947 /* ASIHTTPRequest.m */,
				4397672517B0669C0040C947 /* ASIHTTPRequestConfig.h */,
				4397672617B0669C0040C947 /* ASIHTTPRequestDelegate.h */,
				4397672717B0669C0040C947 /* ASIInputStream.h */,
				4397672817B0669C0040C947 /* ASIInputStream.m */,
				4397672917B0669D0040C947 /* ASINetworkQueue.h */,
				4397672A17B0669D0040C947 /* ASINetworkQueue.m */,
				4397672B17B0669D0040C947 /* ASIProgressDelegate.h */,
			);
			name = ASIHttpRequest;
			sourceTree = "<group>";
		};
		4397674717B1BCB50040C947 /* Model */ = {
			isa = PBXGroup;
			children = (
				4397674817B1BCD80040C947 /* LAPostItem.h */,
				4397674917B1BCD80040C947 /* LAPostItem.m */,
			);
			name = Model;
			sourceTree = "<group>";
		};
		43DC44BA17A796DC005729D8 /* Store */ = {
			isa = PBXGroup;
			children = (
				43DC44B517A79638005729D8 /* LAStoreManager.h */,
				43DC44B617A79638005729D8 /* LAStoreManager.m */,
			);
			name = Store;
			sourceTree = "<group>";
		};
		6588D01A17A4BCC500B6C498 = {
			isa = PBXGroup;
			children = (
				6588D02C17A4BCC500B6C498 /* #LOSAL */,
				6588D05317A4BCC500B6C498 /* #LOSALTests */,
				6588D02517A4BCC500B6C498 /* Frameworks */,
				6588D02417A4BCC500B6C498 /* Products */,
			);
			sourceTree = "<group>";
		};
		6588D02417A4BCC500B6C498 /* Products */ = {
			isa = PBXGroup;
			children = (
				6588D02317A4BCC500B6C498 /* #LOSAL.app */,
				6588D04C17A4BCC500B6C498 /* #LOSALTests.octest */,
			);
			name = Products;
			sourceTree = "<group>";
		};
		6588D02517A4BCC500B6C498 /* Frameworks */ = {
			isa = PBXGroup;
			children = (
				4397673F17B06AE80040C947 /* libz.dylib */,
				43DC44C517A7A1BE005729D8 /* MobileCoreServices.framework */,
				43DC44C317A7A186005729D8 /* SystemConfiguration.framework */,
				43DC44C117A7A159005729D8 /* Security.framework */,
				43DC44BF17A7A125005729D8 /* CFNetwork.framework */,
				43DC44BD17A7A10A005729D8 /* CoreLocation.framework */,
				43DC44BB17A7A0EF005729D8 /* AudioToolbox.framework */,
				43DC44B817A7966E005729D8 /* Parse.framework */,
				6588D02617A4BCC500B6C498 /* UIKit.framework */,
				6588D02817A4BCC500B6C498 /* Foundation.framework */,
				6588D02A17A4BCC500B6C498 /* CoreGraphics.framework */,
				6588D04D17A4BCC500B6C498 /* SenTestingKit.framework */,
			);
			name = Frameworks;
			sourceTree = "<group>";
		};
		6588D02C17A4BCC500B6C498 /* #LOSAL */ = {
			isa = PBXGroup;
			children = (
				6588D06717A4BF2300B6C498 /* External Libraries */,
				43DC44BA17A796DC005729D8 /* Store */,
				4397674717B1BCB50040C947 /* Model */,
				6588D03517A4BCC500B6C498 /* LAAppDelegate.h */,
				6588D03617A4BCC500B6C498 /* LAAppDelegate.m */,
				6588D03E17A4BCC500B6C498 /* MainStoryboard.storyboard */,
				6588D06417A4BEBF00B6C498 /* LASplashViewController.h */,
				6588D06517A4BEBF00B6C498 /* LASplashViewController.m */,
				65FA586E17A9880A006598B1 /* MainFeed */,
				6588D0AC17A4C31C00B6C498 /* LAMenuViewController.h */,
				6588D0AD17A4C31C00B6C498 /* LAMenuViewController.m */,
				65C5354617B2B70E005D4514 /* LAAlertsViewController.h */,
				65C5354717B2B70E005D4514 /* LAAlertsViewController.m */,
				6588D04417A4BCC500B6C498 /* LADetailViewController.h */,
				6588D04517A4BCC500B6C498 /* LADetailViewController.m */,
				6588D02D17A4BCC500B6C498 /* Supporting Files */,
			);
			path = "#LOSAL";
			sourceTree = "<group>";
		};
		6588D02D17A4BCC500B6C498 /* Supporting Files */ = {
			isa = PBXGroup;
			children = (
				4397674517B1A89F0040C947 /* Instagram1.png */,
				4397674B17B2A75C0040C947 /* placeholder.png */,
				6588D0B117A4C9CE00B6C498 /* menuBtn.png */,
				6588D02E17A4BCC500B6C498 /* #LOSAL-Info.plist */,
				6588D02F17A4BCC500B6C498 /* InfoPlist.strings */,
				6588D03217A4BCC500B6C498 /* main.m */,
				6588D03417A4BCC500B6C498 /* #LOSAL-Prefix.pch */,
				6588D03817A4BCC500B6C498 /* Default.png */,
				6588D03A17A4BCC500B6C498 /* Default@2x.png */,
				6588D03C17A4BCC500B6C498 /* Default-568h@2x.png */,
			);
			name = "Supporting Files";
			sourceTree = "<group>";
		};
		6588D05317A4BCC500B6C498 /* #LOSALTests */ = {
			isa = PBXGroup;
			children = (
				6588D05917A4BCC500B6C498 /* _LOSALTests.h */,
				6588D05A17A4BCC500B6C498 /* _LOSALTests.m */,
				6588D05417A4BCC500B6C498 /* Supporting Files */,
			);
			path = "#LOSALTests";
			sourceTree = "<group>";
		};
		6588D05417A4BCC500B6C498 /* Supporting Files */ = {
			isa = PBXGroup;
			children = (
				6588D05517A4BCC500B6C498 /* #LOSALTests-Info.plist */,
				6588D05617A4BCC500B6C498 /* InfoPlist.strings */,
			);
			name = "Supporting Files";
			sourceTree = "<group>";
		};
		6588D06717A4BF2300B6C498 /* External Libraries */ = {
			isa = PBXGroup;
			children = (
				4397671217B05BEF0040C947 /* ASIHttpRequest */,
				4397670A17B057A40040C947 /* FullyLoaded */,
				6588D0A517A4C02D00B6C498 /* ECSlidingViewController */,
			);
			name = "External Libraries";
			sourceTree = "<group>";
		};
		6588D0A517A4C02D00B6C498 /* ECSlidingViewController */ = {
			isa = PBXGroup;
			children = (
				6588D0A617A4C02D00B6C498 /* ECSlidingViewController.h */,
				6588D0A717A4C02D00B6C498 /* ECSlidingViewController.m */,
				6588D0A817A4C02D00B6C498 /* UIImage+ImageWithUIView.h */,
				6588D0A917A4C02D00B6C498 /* UIImage+ImageWithUIView.m */,
			);
			path = ECSlidingViewController;
			sourceTree = "<group>";
		};
		65FA586E17A9880A006598B1 /* MainFeed */ = {
			isa = PBXGroup;
			children = (
				6588D04117A4BCC500B6C498 /* LAFeedViewController.h */,
				6588D04217A4BCC500B6C498 /* LAFeedViewController.m */,
				65FA587217A9CCF2006598B1 /* LAPostManager.h */,
				65FA587317A9CCF2006598B1 /* LAPostManager.m */,
				4397674117B16E350040C947 /* LAPostCell.h */,
				4397674217B16E350040C947 /* LAPostCell.m */,
				65FA586F17A9CB70006598B1 /* LAPostItem2.h */,
				65FA587017A9CB70006598B1 /* LAPostItem2.m */,
			);
			name = MainFeed;
			sourceTree = "<group>";
		};
/* End PBXGroup section */

/* Begin PBXNativeTarget section */
		6588D02217A4BCC500B6C498 /* #LOSAL */ = {
			isa = PBXNativeTarget;
			buildConfigurationList = 6588D05E17A4BCC500B6C498 /* Build configuration list for PBXNativeTarget "#LOSAL" */;
			buildPhases = (
				6588D01F17A4BCC500B6C498 /* Sources */,
				6588D02017A4BCC500B6C498 /* Frameworks */,
				6588D02117A4BCC500B6C498 /* Resources */,
			);
			buildRules = (
			);
			dependencies = (
			);
			name = "#LOSAL";
			productName = "#LOSAL";
			productReference = 6588D02317A4BCC500B6C498 /* #LOSAL.app */;
			productType = "com.apple.product-type.application";
		};
		6588D04B17A4BCC500B6C498 /* #LOSALTests */ = {
			isa = PBXNativeTarget;
			buildConfigurationList = 6588D06117A4BCC500B6C498 /* Build configuration list for PBXNativeTarget "#LOSALTests" */;
			buildPhases = (
				6588D04717A4BCC500B6C498 /* Sources */,
				6588D04817A4BCC500B6C498 /* Frameworks */,
				6588D04917A4BCC500B6C498 /* Resources */,
				6588D04A17A4BCC500B6C498 /* ShellScript */,
			);
			buildRules = (
			);
			dependencies = (
				6588D05217A4BCC500B6C498 /* PBXTargetDependency */,
			);
			name = "#LOSALTests";
			productName = "#LOSALTests";
			productReference = 6588D04C17A4BCC500B6C498 /* #LOSALTests.octest */;
			productType = "com.apple.product-type.bundle";
		};
/* End PBXNativeTarget section */

/* Begin PBXProject section */
		6588D01B17A4BCC500B6C498 /* Project object */ = {
			isa = PBXProject;
			attributes = {
				CLASSPREFIX = LA;
				LastUpgradeCheck = 0460;
				ORGANIZATIONNAME = Localism;
			};
			buildConfigurationList = 6588D01E17A4BCC500B6C498 /* Build configuration list for PBXProject "#LOSAL" */;
			compatibilityVersion = "Xcode 3.2";
			developmentRegion = English;
			hasScannedForEncodings = 0;
			knownRegions = (
				en,
			);
			mainGroup = 6588D01A17A4BCC500B6C498;
			productRefGroup = 6588D02417A4BCC500B6C498 /* Products */;
			projectDirPath = "";
			projectRoot = "";
			targets = (
				6588D02217A4BCC500B6C498 /* #LOSAL */,
				6588D04B17A4BCC500B6C498 /* #LOSALTests */,
			);
		};
/* End PBXProject section */

/* Begin PBXResourcesBuildPhase section */
		6588D02117A4BCC500B6C498 /* Resources */ = {
			isa = PBXResourcesBuildPhase;
			buildActionMask = 2147483647;
			files = (
				6588D03117A4BCC500B6C498 /* InfoPlist.strings in Resources */,
				6588D03917A4BCC500B6C498 /* Default.png in Resources */,
				6588D03B17A4BCC500B6C498 /* Default@2x.png in Resources */,
				6588D03D17A4BCC500B6C498 /* Default-568h@2x.png in Resources */,
				6588D04017A4BCC500B6C498 /* MainStoryboard.storyboard in Resources */,
				6588D0B217A4C9CE00B6C498 /* menuBtn.png in Resources */,
				4397674617B1A89F0040C947 /* Instagram1.png in Resources */,
				4397674C17B2A75C0040C947 /* placeholder.png in Resources */,
			);
			runOnlyForDeploymentPostprocessing = 0;
		};
		6588D04917A4BCC500B6C498 /* Resources */ = {
			isa = PBXResourcesBuildPhase;
			buildActionMask = 2147483647;
			files = (
				6588D05817A4BCC500B6C498 /* InfoPlist.strings in Resources */,
			);
			runOnlyForDeploymentPostprocessing = 0;
		};
/* End PBXResourcesBuildPhase section */

/* Begin PBXShellScriptBuildPhase section */
		6588D04A17A4BCC500B6C498 /* ShellScript */ = {
			isa = PBXShellScriptBuildPhase;
			buildActionMask = 2147483647;
			files = (
			);
			inputPaths = (
			);
			outputPaths = (
			);
			runOnlyForDeploymentPostprocessing = 0;
			shellPath = /bin/sh;
			shellScript = "# Run the unit tests in this test bundle.\n\"${SYSTEM_DEVELOPER_DIR}/Tools/RunUnitTests\"\n";
		};
/* End PBXShellScriptBuildPhase section */

/* Begin PBXSourcesBuildPhase section */
		6588D01F17A4BCC500B6C498 /* Sources */ = {
			isa = PBXSourcesBuildPhase;
			buildActionMask = 2147483647;
			files = (
				6588D03317A4BCC500B6C498 /* main.m in Sources */,
				6588D03717A4BCC500B6C498 /* LAAppDelegate.m in Sources */,
				6588D04317A4BCC500B6C498 /* LAFeedViewController.m in Sources */,
				6588D04617A4BCC500B6C498 /* LADetailViewController.m in Sources */,
				6588D06617A4BEBF00B6C498 /* LASplashViewController.m in Sources */,
				6588D0AA17A4C02D00B6C498 /* ECSlidingViewController.m in Sources */,
				6588D0AB17A4C02D00B6C498 /* UIImage+ImageWithUIView.m in Sources */,
				6588D0AE17A4C31C00B6C498 /* LAMenuViewController.m in Sources */,
				43DC44B717A79638005729D8 /* LAStoreManager.m in Sources */,
				65FA587117A9CB70006598B1 /* LAPostItem2.m in Sources */,
				65FA587417A9CCF2006598B1 /* LAPostManager.m in Sources */,
				4397671617B05E280040C947 /* FLImageView.m in Sources */,
				4397671717B05E2B0040C947 /* FullyLoaded.m in Sources */,
				4397673417B067910040C947 /* ASINetworkQueue.m in Sources */,
				4397673517B067950040C947 /* ASIInputStream.m in Sources */,
				4397673617B0679F0040C947 /* ASIHTTPRequest.m in Sources */,
				4397673717B067AB0040C947 /* ASIFormDataRequest.m in Sources */,
				4397673817B067AF0040C947 /* ASIDownloadCache.m in Sources */,
				4397673917B067B20040C947 /* ASIDataDecompressor.m in Sources */,
				4397673A17B067B60040C947 /* ASIDataCompressor.m in Sources */,
				4397673B17B067B90040C947 /* ASIAuthenticationDialog.m in Sources */,
				4397673E17B068800040C947 /* Reachability.m in Sources */,
				4397674417B16E470040C947 /* LAPostCell.m in Sources */,
				4397674A17B1BCD80040C947 /* LAPostItem.m in Sources */,
				65C5354817B2B70E005D4514 /* LAAlertsViewController.m in Sources */,
			);
			runOnlyForDeploymentPostprocessing = 0;
		};
		6588D04717A4BCC500B6C498 /* Sources */ = {
			isa = PBXSourcesBuildPhase;
			buildActionMask = 2147483647;
			files = (
				6588D05B17A4BCC500B6C498 /* _LOSALTests.m in Sources */,
			);
			runOnlyForDeploymentPostprocessing = 0;
		};
/* End PBXSourcesBuildPhase section */

/* Begin PBXTargetDependency section */
		6588D05217A4BCC500B6C498 /* PBXTargetDependency */ = {
			isa = PBXTargetDependency;
			target = 6588D02217A4BCC500B6C498 /* #LOSAL */;
			targetProxy = 6588D05117A4BCC500B6C498 /* PBXContainerItemProxy */;
		};
/* End PBXTargetDependency section */

/* Begin PBXVariantGroup section */
		6588D02F17A4BCC500B6C498 /* InfoPlist.strings */ = {
			isa = PBXVariantGroup;
			children = (
				6588D03017A4BCC500B6C498 /* en */,
			);
			name = InfoPlist.strings;
			sourceTree = "<group>";
		};
		6588D03E17A4BCC500B6C498 /* MainStoryboard.storyboard */ = {
			isa = PBXVariantGroup;
			children = (
				6588D03F17A4BCC500B6C498 /* en */,
			);
			name = MainStoryboard.storyboard;
			sourceTree = "<group>";
		};
		6588D05617A4BCC500B6C498 /* InfoPlist.strings */ = {
			isa = PBXVariantGroup;
			children = (
				6588D05717A4BCC500B6C498 /* en */,
			);
			name = InfoPlist.strings;
			sourceTree = "<group>";
		};
/* End PBXVariantGroup section */

/* Begin XCBuildConfiguration section */
		6588D05C17A4BCC500B6C498 /* Debug */ = {
			isa = XCBuildConfiguration;
			buildSettings = {
				ALWAYS_SEARCH_USER_PATHS = NO;
				CLANG_CXX_LANGUAGE_STANDARD = "gnu++0x";
				CLANG_CXX_LIBRARY = "libc++";
				CLANG_ENABLE_OBJC_ARC = YES;
				CLANG_WARN_CONSTANT_CONVERSION = YES;
				CLANG_WARN_EMPTY_BODY = YES;
				CLANG_WARN_ENUM_CONVERSION = YES;
				CLANG_WARN_INT_CONVERSION = YES;
				CLANG_WARN__DUPLICATE_METHOD_MATCH = YES;
				"CODE_SIGN_IDENTITY[sdk=iphoneos*]" = "iPhone Developer";
				COPY_PHASE_STRIP = NO;
				GCC_C_LANGUAGE_STANDARD = gnu99;
				GCC_DYNAMIC_NO_PIC = NO;
				GCC_OPTIMIZATION_LEVEL = 0;
				GCC_PREPROCESSOR_DEFINITIONS = (
					"DEBUG=1",
					"$(inherited)",
				);
				GCC_SYMBOLS_PRIVATE_EXTERN = NO;
				GCC_WARN_ABOUT_RETURN_TYPE = YES;
				GCC_WARN_UNINITIALIZED_AUTOS = YES;
				GCC_WARN_UNUSED_VARIABLE = YES;
				IPHONEOS_DEPLOYMENT_TARGET = 6.1;
				ONLY_ACTIVE_ARCH = YES;
				SDKROOT = iphoneos;
			};
			name = Debug;
		};
		6588D05D17A4BCC500B6C498 /* Release */ = {
			isa = XCBuildConfiguration;
			buildSettings = {
				ALWAYS_SEARCH_USER_PATHS = NO;
				CLANG_CXX_LANGUAGE_STANDARD = "gnu++0x";
				CLANG_CXX_LIBRARY = "libc++";
				CLANG_ENABLE_OBJC_ARC = YES;
				CLANG_WARN_CONSTANT_CONVERSION = YES;
				CLANG_WARN_EMPTY_BODY = YES;
				CLANG_WARN_ENUM_CONVERSION = YES;
				CLANG_WARN_INT_CONVERSION = YES;
				CLANG_WARN__DUPLICATE_METHOD_MATCH = YES;
				"CODE_SIGN_IDENTITY[sdk=iphoneos*]" = "iPhone Developer";
				COPY_PHASE_STRIP = YES;
				GCC_C_LANGUAGE_STANDARD = gnu99;
				GCC_WARN_ABOUT_RETURN_TYPE = YES;
				GCC_WARN_UNINITIALIZED_AUTOS = YES;
				GCC_WARN_UNUSED_VARIABLE = YES;
				IPHONEOS_DEPLOYMENT_TARGET = 6.1;
				OTHER_CFLAGS = "-DNS_BLOCK_ASSERTIONS=1";
				SDKROOT = iphoneos;
				VALIDATE_PRODUCT = YES;
			};
			name = Release;
		};
		6588D05F17A4BCC500B6C498 /* Debug */ = {
			isa = XCBuildConfiguration;
			buildSettings = {
				FRAMEWORK_SEARCH_PATHS = (
					"$(inherited)",
					"\"$(SRCROOT)\"",
				);
				GCC_PRECOMPILE_PREFIX_HEADER = YES;
				GCC_PREFIX_HEADER = "#LOSAL/#LOSAL-Prefix.pch";
				INFOPLIST_FILE = "#LOSAL/#LOSAL-Info.plist";
				PRODUCT_NAME = "$(TARGET_NAME)";
				WRAPPER_EXTENSION = app;
			};
			name = Debug;
		};
		6588D06017A4BCC500B6C498 /* Release */ = {
			isa = XCBuildConfiguration;
			buildSettings = {
				FRAMEWORK_SEARCH_PATHS = (
					"$(inherited)",
					"\"$(SRCROOT)\"",
				);
				GCC_PRECOMPILE_PREFIX_HEADER = YES;
				GCC_PREFIX_HEADER = "#LOSAL/#LOSAL-Prefix.pch";
				INFOPLIST_FILE = "#LOSAL/#LOSAL-Info.plist";
				PRODUCT_NAME = "$(TARGET_NAME)";
				WRAPPER_EXTENSION = app;
			};
			name = Release;
		};
		6588D06217A4BCC500B6C498 /* Debug */ = {
			isa = XCBuildConfiguration;
			buildSettings = {
				BUNDLE_LOADER = "$(BUILT_PRODUCTS_DIR)/#LOSAL.app/#LOSAL";
				FRAMEWORK_SEARCH_PATHS = (
					"\"$(SDKROOT)/Developer/Library/Frameworks\"",
					"\"$(DEVELOPER_LIBRARY_DIR)/Frameworks\"",
				);
				GCC_PRECOMPILE_PREFIX_HEADER = YES;
				GCC_PREFIX_HEADER = "#LOSAL/#LOSAL-Prefix.pch";
				INFOPLIST_FILE = "#LOSALTests/#LOSALTests-Info.plist";
				PRODUCT_NAME = "$(TARGET_NAME)";
				TEST_HOST = "$(BUNDLE_LOADER)";
				WRAPPER_EXTENSION = octest;
			};
			name = Debug;
		};
		6588D06317A4BCC500B6C498 /* Release */ = {
			isa = XCBuildConfiguration;
			buildSettings = {
				BUNDLE_LOADER = "$(BUILT_PRODUCTS_DIR)/#LOSAL.app/#LOSAL";
				FRAMEWORK_SEARCH_PATHS = (
					"\"$(SDKROOT)/Developer/Library/Frameworks\"",
					"\"$(DEVELOPER_LIBRARY_DIR)/Frameworks\"",
				);
				GCC_PRECOMPILE_PREFIX_HEADER = YES;
				GCC_PREFIX_HEADER = "#LOSAL/#LOSAL-Prefix.pch";
				INFOPLIST_FILE = "#LOSALTests/#LOSALTests-Info.plist";
				PRODUCT_NAME = "$(TARGET_NAME)";
				TEST_HOST = "$(BUNDLE_LOADER)";
				WRAPPER_EXTENSION = octest;
			};
			name = Release;
		};
/* End XCBuildConfiguration section */

/* Begin XCConfigurationList section */
		6588D01E17A4BCC500B6C498 /* Build configuration list for PBXProject "#LOSAL" */ = {
			isa = XCConfigurationList;
			buildConfigurations = (
				6588D05C17A4BCC500B6C498 /* Debug */,
				6588D05D17A4BCC500B6C498 /* Release */,
			);
			defaultConfigurationIsVisible = 0;
			defaultConfigurationName = Release;
		};
		6588D05E17A4BCC500B6C498 /* Build configuration list for PBXNativeTarget "#LOSAL" */ = {
			isa = XCConfigurationList;
			buildConfigurations = (
				6588D05F17A4BCC500B6C498 /* Debug */,
				6588D06017A4BCC500B6C498 /* Release */,
			);
			defaultConfigurationIsVisible = 0;
			defaultConfigurationName = Release;
		};
		6588D06117A4BCC500B6C498 /* Build configuration list for PBXNativeTarget "#LOSALTests" */ = {
			isa = XCConfigurationList;
			buildConfigurations = (
				6588D06217A4BCC500B6C498 /* Debug */,
				6588D06317A4BCC500B6C498 /* Release */,
			);
			defaultConfigurationIsVisible = 0;
			defaultConfigurationName = Release;
		};
/* End XCConfigurationList section */
	};
	rootObject = 6588D01B17A4BCC500B6C498 /* Project object */;
}
