// !$*UTF8*$!
{
	archiveVersion = 1;
	classes = {
	};
	objectVersion = 46;
	objects = {

/* Begin PBXBuildFile section */
		43249B8F17C522D00063197B /* LAWebViewController.m in Sources */ = {isa = PBXBuildFile; fileRef = 43249B8E17C522D00063197B /* LAWebViewController.m */; };
		43249B9817C689AF0063197B /* LAColor+Hex.m in Sources */ = {isa = PBXBuildFile; fileRef = 43249B9717C689AF0063197B /* LAColor+Hex.m */; };
		43397B4317B93582003F4977 /* LAImage+Color.m in Sources */ = {isa = PBXBuildFile; fileRef = 43397B4217B93582003F4977 /* LAImage+Color.m */; };
		43397B4517B93716003F4977 /* Mustache.png in Resources */ = {isa = PBXBuildFile; fileRef = 43397B4417B93716003F4977 /* Mustache.png */; };
		43397B4817B95FBC003F4977 /* LALoginViewController.m in Sources */ = {isa = PBXBuildFile; fileRef = 43397B4717B95FBB003F4977 /* LALoginViewController.m */; };
		43397B4B17B96833003F4977 /* LAUser.m in Sources */ = {isa = PBXBuildFile; fileRef = 43397B4A17B96833003F4977 /* LAUser.m */; };
		4358C00217BAF67700525BB8 /* LASocialNetworksView.m in Sources */ = {isa = PBXBuildFile; fileRef = 4358C00117BAF67700525BB8 /* LASocialNetworksView.m */; };
		4358C00A17BBFB9000525BB8 /* LASocialManager.m in Sources */ = {isa = PBXBuildFile; fileRef = 4358C00917BBFB9000525BB8 /* LASocialManager.m */; };
		4358C00C17BC216400525BB8 /* Social.framework in Frameworks */ = {isa = PBXBuildFile; fileRef = 4358C00B17BC216400525BB8 /* Social.framework */; };
		4358C00E17BC255600525BB8 /* Accounts.framework in Frameworks */ = {isa = PBXBuildFile; fileRef = 4358C00D17BC255600525BB8 /* Accounts.framework */; };
		436507F517C291DA0088D62F /* LASettings.m in Sources */ = {isa = PBXBuildFile; fileRef = 436507F417C291DA0088D62F /* LASettings.m */; };
		4378F31F17B2D28D00DEBE6A /* ImageIO.framework in Frameworks */ = {isa = PBXBuildFile; fileRef = 4378F31E17B2D28D00DEBE6A /* ImageIO.framework */; };
		4378F37817B2DF1F00DEBE6A /* LAImageLoader.m in Sources */ = {isa = PBXBuildFile; fileRef = 4378F37717B2DF1F00DEBE6A /* LAImageLoader.m */; };
		438C51FA17BABE7C00DB1054 /* IGRequest.m in Sources */ = {isa = PBXBuildFile; fileRef = 438C51F417BABE7C00DB1054 /* IGRequest.m */; };
		438C51FB17BABE7C00DB1054 /* Instagram.m in Sources */ = {isa = PBXBuildFile; fileRef = 438C51F617BABE7C00DB1054 /* Instagram.m */; };
		4397674017B06AE90040C947 /* libz.dylib in Frameworks */ = {isa = PBXBuildFile; fileRef = 4397673F17B06AE80040C947 /* libz.dylib */; };
		4397674617B1A89F0040C947 /* Instagram1.png in Resources */ = {isa = PBXBuildFile; fileRef = 4397674517B1A89F0040C947 /* Instagram1.png */; };
		4397674A17B1BCD80040C947 /* LAPostItem.m in Sources */ = {isa = PBXBuildFile; fileRef = 4397674917B1BCD80040C947 /* LAPostItem.m */; };
		4397674C17B2A75C0040C947 /* placeholder.png in Resources */ = {isa = PBXBuildFile; fileRef = 4397674B17B2A75C0040C947 /* placeholder.png */; };
		43BE532F17C2EDA4008BE0E7 /* griffin-dance-bg-1.png in Resources */ = {isa = PBXBuildFile; fileRef = 43BE532E17C2EDA4008BE0E7 /* griffin-dance-bg-1.png */; };
		43BE533117C2EE15008BE0E7 /* dark-griffin-dance-bg-1.png in Resources */ = {isa = PBXBuildFile; fileRef = 43BE533017C2EE15008BE0E7 /* dark-griffin-dance-bg-1.png */; };
		43BE533517C3BA9A008BE0E7 /* Default-568h@2x.png in Resources */ = {isa = PBXBuildFile; fileRef = 43BE533417C3BA9A008BE0E7 /* Default-568h@2x.png */; };
		43BE533717C3BB36008BE0E7 /* Default@2x.png in Resources */ = {isa = PBXBuildFile; fileRef = 43BE533617C3BB36008BE0E7 /* Default@2x.png */; };
		43BE533917C3BB96008BE0E7 /* Default.png in Resources */ = {isa = PBXBuildFile; fileRef = 43BE533817C3BB96008BE0E7 /* Default.png */; };
		43BE533C17C3BCB5008BE0E7 /* dark-griffin-dance-bg-2.png in Resources */ = {isa = PBXBuildFile; fileRef = 43BE533A17C3BCB5008BE0E7 /* dark-griffin-dance-bg-2.png */; };
		43BE533D17C3BCB5008BE0E7 /* griffin-dance-bg-2.png in Resources */ = {isa = PBXBuildFile; fileRef = 43BE533B17C3BCB5008BE0E7 /* griffin-dance-bg-2.png */; };
		43DC44B717A79638005729D8 /* LAStoreManager.m in Sources */ = {isa = PBXBuildFile; fileRef = 43DC44B617A79638005729D8 /* LAStoreManager.m */; };
		43DC44B917A7966E005729D8 /* Parse.framework in Frameworks */ = {isa = PBXBuildFile; fileRef = 43DC44B817A7966E005729D8 /* Parse.framework */; };
		43DC44BC17A7A0EF005729D8 /* AudioToolbox.framework in Frameworks */ = {isa = PBXBuildFile; fileRef = 43DC44BB17A7A0EF005729D8 /* AudioToolbox.framework */; };
		43DC44BE17A7A10A005729D8 /* CoreLocation.framework in Frameworks */ = {isa = PBXBuildFile; fileRef = 43DC44BD17A7A10A005729D8 /* CoreLocation.framework */; };
		43DC44C017A7A125005729D8 /* CFNetwork.framework in Frameworks */ = {isa = PBXBuildFile; fileRef = 43DC44BF17A7A125005729D8 /* CFNetwork.framework */; };
		43DC44C217A7A159005729D8 /* Security.framework in Frameworks */ = {isa = PBXBuildFile; fileRef = 43DC44C117A7A159005729D8 /* Security.framework */; };
		43DC44C417A7A186005729D8 /* SystemConfiguration.framework in Frameworks */ = {isa = PBXBuildFile; fileRef = 43DC44C317A7A186005729D8 /* SystemConfiguration.framework */; };
		43DC44C617A7A1BE005729D8 /* MobileCoreServices.framework in Frameworks */ = {isa = PBXBuildFile; fileRef = 43DC44C517A7A1BE005729D8 /* MobileCoreServices.framework */; };
		43F9621317C6B444006F9AF4 /* LADataLoader.m in Sources */ = {isa = PBXBuildFile; fileRef = 43F9621217C6B444006F9AF4 /* LADataLoader.m */; };
		43F9621517C6D7C7006F9AF4 /* menu-icon.png in Resources */ = {isa = PBXBuildFile; fileRef = 43F9621417C6D7C7006F9AF4 /* menu-icon.png */; };
		43F9621F17CBD003006F9AF4 /* LANoticeViewController.m in Sources */ = {isa = PBXBuildFile; fileRef = 43F9621D17CBCFF2006F9AF4 /* LANoticeViewController.m */; };
		43F9622217CC01B4006F9AF4 /* LAHashtagViewController.m in Sources */ = {isa = PBXBuildFile; fileRef = 43F9622117CC01B4006F9AF4 /* LAHashtagViewController.m */; };
		43F9622517CC0E38006F9AF4 /* LAHashtagAndPost.m in Sources */ = {isa = PBXBuildFile; fileRef = 43F9622417CC0E38006F9AF4 /* LAHashtagAndPost.m */; };
		44C777CD17D66EBC0062FDF4 /* LAIntroOverviewViewController.m in Sources */ = {isa = PBXBuildFile; fileRef = 44C777CC17D66EBB0062FDF4 /* LAIntroOverviewViewController.m */; };
		44C777D517D6739B0062FDF4 /* sign-in-01.png in Resources */ = {isa = PBXBuildFile; fileRef = 44C777D117D6739B0062FDF4 /* sign-in-01.png */; };
		44C777D617D6739B0062FDF4 /* sign-in-01@2x.png in Resources */ = {isa = PBXBuildFile; fileRef = 44C777D217D6739B0062FDF4 /* sign-in-01@2x.png */; };
		44C777D717D6739B0062FDF4 /* sign-in-02.png in Resources */ = {isa = PBXBuildFile; fileRef = 44C777D317D6739B0062FDF4 /* sign-in-02.png */; };
		44C777D817D6739B0062FDF4 /* sign-in-02@2x.png in Resources */ = {isa = PBXBuildFile; fileRef = 44C777D417D6739B0062FDF4 /* sign-in-02@2x.png */; };
		65032EF617DA3C49004683BB /* iphone-sign-in-01.png in Resources */ = {isa = PBXBuildFile; fileRef = 65032EF417DA3C49004683BB /* iphone-sign-in-01.png */; };
		65032EF717DA3C49004683BB /* iphone-sign-in-02.png in Resources */ = {isa = PBXBuildFile; fileRef = 65032EF517DA3C49004683BB /* iphone-sign-in-02.png */; };
		65032EFE17DA7F30004683BB /* instagramSocialLink.png in Resources */ = {isa = PBXBuildFile; fileRef = 65032EF817DA7F30004683BB /* instagramSocialLink.png */; };
		65032EFF17DA7F30004683BB /* flickrSocialLink.png in Resources */ = {isa = PBXBuildFile; fileRef = 65032EF917DA7F30004683BB /* flickrSocialLink.png */; };
		65032F0017DA7F30004683BB /* facebookSocialLink.png in Resources */ = {isa = PBXBuildFile; fileRef = 65032EFA17DA7F30004683BB /* facebookSocialLink.png */; };
		65032F0117DA7F30004683BB /* twitterSocialLink.png in Resources */ = {isa = PBXBuildFile; fileRef = 65032EFB17DA7F30004683BB /* twitterSocialLink.png */; };
		65032F0217DA7F30004683BB /* youtubeSocialLink.png in Resources */ = {isa = PBXBuildFile; fileRef = 65032EFC17DA7F30004683BB /* youtubeSocialLink.png */; };
		65032F0717DA81A0004683BB /* LASchoolLinksViewController.m in Sources */ = {isa = PBXBuildFile; fileRef = 65032F0517DA81A0004683BB /* LASchoolLinksViewController.m */; };
		650B6B2F17CE740300F93BBD /* LAAboutViewController.m in Sources */ = {isa = PBXBuildFile; fileRef = 650B6B2E17CE740300F93BBD /* LAAboutViewController.m */; };
		651F0C1017B9FBC20018794A /* LAPostCell.m in Sources */ = {isa = PBXBuildFile; fileRef = 651F0C0F17B9FBC20018794A /* LAPostCell.m */; };
		651F0C1417BAC1F00018794A /* photo2.jpg in Resources */ = {isa = PBXBuildFile; fileRef = 651F0C1317BAC1F00018794A /* photo2.jpg */; };
		6523AE3A17B42A1E00AFD830 /* Roboto-Black.ttf in Resources */ = {isa = PBXBuildFile; fileRef = 6523AE2E17B42A1E00AFD830 /* Roboto-Black.ttf */; };
		6523AE3B17B42A1E00AFD830 /* Roboto-BlackItalic.ttf in Resources */ = {isa = PBXBuildFile; fileRef = 6523AE2F17B42A1E00AFD830 /* Roboto-BlackItalic.ttf */; };
		6523AE3C17B42A1E00AFD830 /* Roboto-Bold.ttf in Resources */ = {isa = PBXBuildFile; fileRef = 6523AE3017B42A1E00AFD830 /* Roboto-Bold.ttf */; };
		6523AE3D17B42A1E00AFD830 /* Roboto-BoldItalic.ttf in Resources */ = {isa = PBXBuildFile; fileRef = 6523AE3117B42A1E00AFD830 /* Roboto-BoldItalic.ttf */; };
		6523AE3E17B42A1E00AFD830 /* Roboto-Italic.ttf in Resources */ = {isa = PBXBuildFile; fileRef = 6523AE3217B42A1E00AFD830 /* Roboto-Italic.ttf */; };
		6523AE3F17B42A1E00AFD830 /* Roboto-Light.ttf in Resources */ = {isa = PBXBuildFile; fileRef = 6523AE3317B42A1E00AFD830 /* Roboto-Light.ttf */; };
		6523AE4017B42A1E00AFD830 /* Roboto-LightItalic.ttf in Resources */ = {isa = PBXBuildFile; fileRef = 6523AE3417B42A1E00AFD830 /* Roboto-LightItalic.ttf */; };
		6523AE4117B42A1E00AFD830 /* Roboto-Medium.ttf in Resources */ = {isa = PBXBuildFile; fileRef = 6523AE3517B42A1E00AFD830 /* Roboto-Medium.ttf */; };
		6523AE4217B42A1E00AFD830 /* Roboto-MediumItalic.ttf in Resources */ = {isa = PBXBuildFile; fileRef = 6523AE3617B42A1E00AFD830 /* Roboto-MediumItalic.ttf */; };
		6523AE4317B42A1E00AFD830 /* Roboto-Regular.ttf in Resources */ = {isa = PBXBuildFile; fileRef = 6523AE3717B42A1E00AFD830 /* Roboto-Regular.ttf */; };
		6523AE4417B42A1E00AFD830 /* Roboto-Thin.ttf in Resources */ = {isa = PBXBuildFile; fileRef = 6523AE3817B42A1E00AFD830 /* Roboto-Thin.ttf */; };
		6523AE4517B42A1E00AFD830 /* Roboto-ThinItalic.ttf in Resources */ = {isa = PBXBuildFile; fileRef = 6523AE3917B42A1E00AFD830 /* Roboto-ThinItalic.ttf */; };
		6525769617E7821E00BA43F7 /* icomoon.ttf in Resources */ = {isa = PBXBuildFile; fileRef = 6525769517E7821E00BA43F7 /* icomoon.ttf */; };
		6525769917E787EA00BA43F7 /* gradientlosal1.png in Resources */ = {isa = PBXBuildFile; fileRef = 6525769717E787EA00BA43F7 /* gradientlosal1.png */; };
		6525769A17E787EA00BA43F7 /* gradientlosal2.png in Resources */ = {isa = PBXBuildFile; fileRef = 6525769817E787EA00BA43F7 /* gradientlosal2.png */; };
		652576A617E791F700BA43F7 /* AppIcon29x29.png in Resources */ = {isa = PBXBuildFile; fileRef = 6525769C17E791F700BA43F7 /* AppIcon29x29.png */; };
		652576A717E791F700BA43F7 /* AppIcon29x29@2x.png in Resources */ = {isa = PBXBuildFile; fileRef = 6525769D17E791F700BA43F7 /* AppIcon29x29@2x.png */; };
		652576A817E791F700BA43F7 /* AppIcon40x40.png in Resources */ = {isa = PBXBuildFile; fileRef = 6525769E17E791F700BA43F7 /* AppIcon40x40.png */; };
		652576A917E791F700BA43F7 /* AppIcon40x40@2x.png in Resources */ = {isa = PBXBuildFile; fileRef = 6525769F17E791F700BA43F7 /* AppIcon40x40@2x.png */; };
		652576AA17E791F700BA43F7 /* AppIcon60x60.png in Resources */ = {isa = PBXBuildFile; fileRef = 652576A017E791F700BA43F7 /* AppIcon60x60.png */; };
		652576AB17E791F700BA43F7 /* AppIcon60x60@2x.png in Resources */ = {isa = PBXBuildFile; fileRef = 652576A117E791F700BA43F7 /* AppIcon60x60@2x.png */; };
		652576AC17E791F700BA43F7 /* AppIcon76x76.png in Resources */ = {isa = PBXBuildFile; fileRef = 652576A217E791F700BA43F7 /* AppIcon76x76.png */; };
		652576AD17E791F700BA43F7 /* AppIcon76x76@2x.png in Resources */ = {isa = PBXBuildFile; fileRef = 652576A317E791F700BA43F7 /* AppIcon76x76@2x.png */; };
		652576AE17E791F700BA43F7 /* iTunesArtwork.png in Resources */ = {isa = PBXBuildFile; fileRef = 652576A417E791F700BA43F7 /* iTunesArtwork.png */; };
		652576AF17E791F700BA43F7 /* iTunesArtwork@2x.png in Resources */ = {isa = PBXBuildFile; fileRef = 652576A517E791F700BA43F7 /* iTunesArtwork@2x.png */; };
		652576B117E7922E00BA43F7 /* Images.xcassets in Resources */ = {isa = PBXBuildFile; fileRef = 652576B017E7922E00BA43F7 /* Images.xcassets */; };
		652F518D17D00DCA004DD0DA /* LANoticesStore.m in Sources */ = {isa = PBXBuildFile; fileRef = 652F518C17D00DCA004DD0DA /* LANoticesStore.m */; };
		652F519317D02124004DD0DA /* LANoticeItemCell.m in Sources */ = {isa = PBXBuildFile; fileRef = 652F519217D02124004DD0DA /* LANoticeItemCell.m */; };
		6530907017BD87C400ADA359 /* facebook.png in Resources */ = {isa = PBXBuildFile; fileRef = 6530906A17BD87C400ADA359 /* facebook.png */; };
		6530907117BD87C400ADA359 /* instagramlike.png in Resources */ = {isa = PBXBuildFile; fileRef = 6530906B17BD87C400ADA359 /* instagramlike.png */; };
		6530907217BD87C400ADA359 /* instagram.png in Resources */ = {isa = PBXBuildFile; fileRef = 6530906C17BD87C400ADA359 /* instagram.png */; };
		6530907317BD87C400ADA359 /* twitter.png in Resources */ = {isa = PBXBuildFile; fileRef = 6530906D17BD87C400ADA359 /* twitter.png */; };
		6530907417BD87C400ADA359 /* twitterlike.png in Resources */ = {isa = PBXBuildFile; fileRef = 6530906E17BD87C400ADA359 /* twitterlike.png */; };
		6530907517BD87C400ADA359 /* facebooklike.png in Resources */ = {isa = PBXBuildFile; fileRef = 6530906F17BD87C400ADA359 /* facebooklike.png */; };
		6530907917BD956E00ADA359 /* clock.png in Resources */ = {isa = PBXBuildFile; fileRef = 6530907817BD956E00ADA359 /* clock.png */; };
		653160B617F5F37600BFE162 /* KeychainItemWrapper.m in Sources */ = {isa = PBXBuildFile; fileRef = 653160B517F5F37600BFE162 /* KeychainItemWrapper.m */; };
		65381B1317F9E3070055F483 /* LAHashTagStore.m in Sources */ = {isa = PBXBuildFile; fileRef = 65381B1217F9E3070055F483 /* LAHashTagStore.m */; };
		65381B1617FA43060055F483 /* LALikesStore.m in Sources */ = {isa = PBXBuildFile; fileRef = 65381B1517FA43060055F483 /* LALikesStore.m */; };
		6549236817B9591A003F39E3 /* do-git in Resources */ = {isa = PBXBuildFile; fileRef = 6549236417B9591A003F39E3 /* do-git */; };
		6549236917B9591A003F39E3 /* NSDate-Utilities.m in Sources */ = {isa = PBXBuildFile; fileRef = 6549236617B9591A003F39E3 /* NSDate-Utilities.m */; };
		6549236A17B9591A003F39E3 /* README.md in Resources */ = {isa = PBXBuildFile; fileRef = 6549236717B9591A003F39E3 /* README.md */; };
		654A737A17CD4F24009A28B3 /* LADetailNoticeViewController.m in Sources */ = {isa = PBXBuildFile; fileRef = 654A737917CD4F24009A28B3 /* LADetailNoticeViewController.m */; };
		6559E6431804FA4100EB0D87 /* social-icon.png in Resources */ = {isa = PBXBuildFile; fileRef = 6559E6421804FA4100EB0D87 /* social-icon.png */; };
		656EA0F317D8E55B00EF0E42 /* iphone-sign-in.png in Resources */ = {isa = PBXBuildFile; fileRef = 656EA0F217D8E55B00EF0E42 /* iphone-sign-in.png */; };
		656EA0F517D8E62000EF0E42 /* close-circle.png in Resources */ = {isa = PBXBuildFile; fileRef = 656EA0F417D8E62000EF0E42 /* close-circle.png */; };
		656FB82A17F38D8900629C46 /* LAImageStore.m in Sources */ = {isa = PBXBuildFile; fileRef = 656FB82917F38D8900629C46 /* LAImageStore.m */; };
		6576740717C55ACD00EC2881 /* lightning.png in Resources */ = {isa = PBXBuildFile; fileRef = 6576740617C55ACD00EC2881 /* lightning.png */; };
		6576740B17C55D2800EC2881 /* edmodo-logo.png in Resources */ = {isa = PBXBuildFile; fileRef = 6576740A17C55D2800EC2881 /* edmodo-logo.png */; };
		6576740D17C5615400EC2881 /* news.png in Resources */ = {isa = PBXBuildFile; fileRef = 6576740C17C5615400EC2881 /* news.png */; };
		6576740F17C5776E00EC2881 /* griffin-mascot.png in Resources */ = {isa = PBXBuildFile; fileRef = 6576740E17C5776E00EC2881 /* griffin-mascot.png */; };
		6582FCE617F8F97900A9F51C /* RobotoSlab-Bold.ttf in Resources */ = {isa = PBXBuildFile; fileRef = 6582FCE217F8F97900A9F51C /* RobotoSlab-Bold.ttf */; };
		6582FCE717F8F97900A9F51C /* RobotoSlab-Light.ttf in Resources */ = {isa = PBXBuildFile; fileRef = 6582FCE317F8F97900A9F51C /* RobotoSlab-Light.ttf */; };
		6582FCE817F8F97900A9F51C /* RobotoSlab-Regular.ttf in Resources */ = {isa = PBXBuildFile; fileRef = 6582FCE417F8F97900A9F51C /* RobotoSlab-Regular.ttf */; };
		6582FCE917F8F97900A9F51C /* RobotoSlab-Thin.ttf in Resources */ = {isa = PBXBuildFile; fileRef = 6582FCE517F8F97900A9F51C /* RobotoSlab-Thin.ttf */; };
		6588D02717A4BCC500B6C498 /* UIKit.framework in Frameworks */ = {isa = PBXBuildFile; fileRef = 6588D02617A4BCC500B6C498 /* UIKit.framework */; };
		6588D02917A4BCC500B6C498 /* Foundation.framework in Frameworks */ = {isa = PBXBuildFile; fileRef = 6588D02817A4BCC500B6C498 /* Foundation.framework */; };
		6588D02B17A4BCC500B6C498 /* CoreGraphics.framework in Frameworks */ = {isa = PBXBuildFile; fileRef = 6588D02A17A4BCC500B6C498 /* CoreGraphics.framework */; };
		6588D03117A4BCC500B6C498 /* InfoPlist.strings in Resources */ = {isa = PBXBuildFile; fileRef = 6588D02F17A4BCC500B6C498 /* InfoPlist.strings */; };
		6588D03317A4BCC500B6C498 /* main.m in Sources */ = {isa = PBXBuildFile; fileRef = 6588D03217A4BCC500B6C498 /* main.m */; };
		6588D03717A4BCC500B6C498 /* LAAppDelegate.m in Sources */ = {isa = PBXBuildFile; fileRef = 6588D03617A4BCC500B6C498 /* LAAppDelegate.m */; };
		6588D04017A4BCC500B6C498 /* MainStoryboard.storyboard in Resources */ = {isa = PBXBuildFile; fileRef = 6588D03E17A4BCC500B6C498 /* MainStoryboard.storyboard */; };
		6588D04317A4BCC500B6C498 /* LAFeedViewController.m in Sources */ = {isa = PBXBuildFile; fileRef = 6588D04217A4BCC500B6C498 /* LAFeedViewController.m */; };
		6588D04E17A4BCC500B6C498 /* SenTestingKit.framework in Frameworks */ = {isa = PBXBuildFile; fileRef = 6588D04D17A4BCC500B6C498 /* SenTestingKit.framework */; };
		6588D04F17A4BCC500B6C498 /* UIKit.framework in Frameworks */ = {isa = PBXBuildFile; fileRef = 6588D02617A4BCC500B6C498 /* UIKit.framework */; };
		6588D05017A4BCC500B6C498 /* Foundation.framework in Frameworks */ = {isa = PBXBuildFile; fileRef = 6588D02817A4BCC500B6C498 /* Foundation.framework */; };
		6588D05817A4BCC500B6C498 /* InfoPlist.strings in Resources */ = {isa = PBXBuildFile; fileRef = 6588D05617A4BCC500B6C498 /* InfoPlist.strings */; };
		6588D05B17A4BCC500B6C498 /* _LOSALTests.m in Sources */ = {isa = PBXBuildFile; fileRef = 6588D05A17A4BCC500B6C498 /* _LOSALTests.m */; };
		6588D06617A4BEBF00B6C498 /* LASplashViewController.m in Sources */ = {isa = PBXBuildFile; fileRef = 6588D06517A4BEBF00B6C498 /* LASplashViewController.m */; };
		6588D0AA17A4C02D00B6C498 /* ECSlidingViewController.m in Sources */ = {isa = PBXBuildFile; fileRef = 6588D0A717A4C02D00B6C498 /* ECSlidingViewController.m */; };
		6588D0AB17A4C02D00B6C498 /* UIImage+ImageWithUIView.m in Sources */ = {isa = PBXBuildFile; fileRef = 6588D0A917A4C02D00B6C498 /* UIImage+ImageWithUIView.m */; };
		6588D0AE17A4C31C00B6C498 /* LAMenuViewController.m in Sources */ = {isa = PBXBuildFile; fileRef = 6588D0AD17A4C31C00B6C498 /* LAMenuViewController.m */; };
		6588D0B217A4C9CE00B6C498 /* menuBtn.png in Resources */ = {isa = PBXBuildFile; fileRef = 6588D0B117A4C9CE00B6C498 /* menuBtn.png */; };
		65951E2017EFAE790072A2C3 /* gradient-iphone4.png in Resources */ = {isa = PBXBuildFile; fileRef = 65951E1F17EFAE790072A2C3 /* gradient-iphone4.png */; };
		65ADBBEF17CFFCFC0070C57C /* LANoticeItem.m in Sources */ = {isa = PBXBuildFile; fileRef = 65ADBBEE17CFFCFC0070C57C /* LANoticeItem.m */; };
		65B2A33E17D551CD004DA2FA /* gradient-text.png in Resources */ = {isa = PBXBuildFile; fileRef = 65B2A33D17D551CD004DA2FA /* gradient-text.png */; };
		65B2A34017D55944004DA2FA /* dark-gradient.png in Resources */ = {isa = PBXBuildFile; fileRef = 65B2A33F17D55944004DA2FA /* dark-gradient.png */; };
		65B2A35417D7D426004DA2FA /* dr-arnold-wht2.png in Resources */ = {isa = PBXBuildFile; fileRef = 65B2A35317D7D426004DA2FA /* dr-arnold-wht2.png */; };
		65B2A35617D7D42C004DA2FA /* localism-blk.png in Resources */ = {isa = PBXBuildFile; fileRef = 65B2A35517D7D42C004DA2FA /* localism-blk.png */; };
		65C522ED17D109F900C5622C /* school-links.png in Resources */ = {isa = PBXBuildFile; fileRef = 65C522EC17D109F900C5622C /* school-links.png */; };
		65EBCDF917CC07B1009138E8 /* socrative-logo.png in Resources */ = {isa = PBXBuildFile; fileRef = 65EBCDF817CC07B1009138E8 /* socrative-logo.png */; };
		65EBCE2D17CC357C009138E8 /* A-plus.png in Resources */ = {isa = PBXBuildFile; fileRef = 65EBCE2C17CC357C009138E8 /* A-plus.png */; };
		843A847B181053E400D7B8D1 /* libTestFlight.a in Frameworks */ = {isa = PBXBuildFile; fileRef = 843A847A181053E400D7B8D1 /* libTestFlight.a */; };
/* End PBXBuildFile section */

/* Begin PBXContainerItemProxy section */
		6588D05117A4BCC500B6C498 /* PBXContainerItemProxy */ = {
			isa = PBXContainerItemProxy;
			containerPortal = 6588D01B17A4BCC500B6C498 /* Project object */;
			proxyType = 1;
			remoteGlobalIDString = 6588D02217A4BCC500B6C498;
			remoteInfo = "#LOSAL";
		};
/* End PBXContainerItemProxy section */

/* Begin PBXFileReference section */
		43249B8D17C522D00063197B /* LAWebViewController.h */ = {isa = PBXFileReference; fileEncoding = 4; lastKnownFileType = sourcecode.c.h; path = LAWebViewController.h; sourceTree = "<group>"; };
		43249B8E17C522D00063197B /* LAWebViewController.m */ = {isa = PBXFileReference; fileEncoding = 4; lastKnownFileType = sourcecode.c.objc; path = LAWebViewController.m; sourceTree = "<group>"; };
		43249B9617C689AE0063197B /* LAColor+Hex.h */ = {isa = PBXFileReference; fileEncoding = 4; lastKnownFileType = sourcecode.c.h; path = "LAColor+Hex.h"; sourceTree = "<group>"; };
		43249B9717C689AF0063197B /* LAColor+Hex.m */ = {isa = PBXFileReference; fileEncoding = 4; lastKnownFileType = sourcecode.c.objc; path = "LAColor+Hex.m"; sourceTree = "<group>"; };
		43397B4117B93582003F4977 /* LAImage+Color.h */ = {isa = PBXFileReference; fileEncoding = 4; lastKnownFileType = sourcecode.c.h; path = "LAImage+Color.h"; sourceTree = "<group>"; };
		43397B4217B93582003F4977 /* LAImage+Color.m */ = {isa = PBXFileReference; fileEncoding = 4; lastKnownFileType = sourcecode.c.objc; path = "LAImage+Color.m"; sourceTree = "<group>"; };
		43397B4417B93716003F4977 /* Mustache.png */ = {isa = PBXFileReference; lastKnownFileType = image.png; path = Mustache.png; sourceTree = "<group>"; };
		43397B4617B95FBB003F4977 /* LALoginViewController.h */ = {isa = PBXFileReference; fileEncoding = 4; lastKnownFileType = sourcecode.c.h; path = LALoginViewController.h; sourceTree = "<group>"; };
		43397B4717B95FBB003F4977 /* LALoginViewController.m */ = {isa = PBXFileReference; fileEncoding = 4; lastKnownFileType = sourcecode.c.objc; path = LALoginViewController.m; sourceTree = "<group>"; };
		43397B4917B96833003F4977 /* LAUser.h */ = {isa = PBXFileReference; fileEncoding = 4; lastKnownFileType = sourcecode.c.h; path = LAUser.h; sourceTree = "<group>"; };
		43397B4A17B96833003F4977 /* LAUser.m */ = {isa = PBXFileReference; fileEncoding = 4; lastKnownFileType = sourcecode.c.objc; path = LAUser.m; sourceTree = "<group>"; };
		4358C00017BAF67700525BB8 /* LASocialNetworksView.h */ = {isa = PBXFileReference; fileEncoding = 4; lastKnownFileType = sourcecode.c.h; path = LASocialNetworksView.h; sourceTree = "<group>"; };
		4358C00117BAF67700525BB8 /* LASocialNetworksView.m */ = {isa = PBXFileReference; fileEncoding = 4; lastKnownFileType = sourcecode.c.objc; path = LASocialNetworksView.m; sourceTree = "<group>"; };
		4358C00817BBFB9000525BB8 /* LASocialManager.h */ = {isa = PBXFileReference; fileEncoding = 4; lastKnownFileType = sourcecode.c.h; path = LASocialManager.h; sourceTree = "<group>"; };
		4358C00917BBFB9000525BB8 /* LASocialManager.m */ = {isa = PBXFileReference; fileEncoding = 4; lastKnownFileType = sourcecode.c.objc; path = LASocialManager.m; sourceTree = "<group>"; };
		4358C00B17BC216400525BB8 /* Social.framework */ = {isa = PBXFileReference; lastKnownFileType = wrapper.framework; name = Social.framework; path = System/Library/Frameworks/Social.framework; sourceTree = SDKROOT; };
		4358C00D17BC255600525BB8 /* Accounts.framework */ = {isa = PBXFileReference; lastKnownFileType = wrapper.framework; name = Accounts.framework; path = System/Library/Frameworks/Accounts.framework; sourceTree = SDKROOT; };
		436507F317C291DA0088D62F /* LASettings.h */ = {isa = PBXFileReference; fileEncoding = 4; lastKnownFileType = sourcecode.c.h; path = LASettings.h; sourceTree = "<group>"; };
		436507F417C291DA0088D62F /* LASettings.m */ = {isa = PBXFileReference; fileEncoding = 4; lastKnownFileType = sourcecode.c.objc; path = LASettings.m; sourceTree = "<group>"; };
		4378F31E17B2D28D00DEBE6A /* ImageIO.framework */ = {isa = PBXFileReference; lastKnownFileType = wrapper.framework; name = ImageIO.framework; path = System/Library/Frameworks/ImageIO.framework; sourceTree = SDKROOT; };
		4378F37617B2DF1F00DEBE6A /* LAImageLoader.h */ = {isa = PBXFileReference; fileEncoding = 4; lastKnownFileType = sourcecode.c.h; path = LAImageLoader.h; sourceTree = "<group>"; };
		4378F37717B2DF1F00DEBE6A /* LAImageLoader.m */ = {isa = PBXFileReference; fileEncoding = 4; lastKnownFileType = sourcecode.c.objc; path = LAImageLoader.m; sourceTree = "<group>"; };
		438C51F217BABE7C00DB1054 /* IGConnect.h */ = {isa = PBXFileReference; fileEncoding = 4; lastKnownFileType = sourcecode.c.h; path = IGConnect.h; sourceTree = "<group>"; };
		438C51F317BABE7C00DB1054 /* IGRequest.h */ = {isa = PBXFileReference; fileEncoding = 4; lastKnownFileType = sourcecode.c.h; path = IGRequest.h; sourceTree = "<group>"; };
		438C51F417BABE7C00DB1054 /* IGRequest.m */ = {isa = PBXFileReference; fileEncoding = 4; lastKnownFileType = sourcecode.c.objc; path = IGRequest.m; sourceTree = "<group>"; };
		438C51F517BABE7C00DB1054 /* Instagram.h */ = {isa = PBXFileReference; fileEncoding = 4; lastKnownFileType = sourcecode.c.h; path = Instagram.h; sourceTree = "<group>"; };
		438C51F617BABE7C00DB1054 /* Instagram.m */ = {isa = PBXFileReference; fileEncoding = 4; lastKnownFileType = sourcecode.c.objc; path = Instagram.m; sourceTree = "<group>"; };
		4397673F17B06AE80040C947 /* libz.dylib */ = {isa = PBXFileReference; lastKnownFileType = "compiled.mach-o.dylib"; name = libz.dylib; path = usr/lib/libz.dylib; sourceTree = SDKROOT; };
		4397674517B1A89F0040C947 /* Instagram1.png */ = {isa = PBXFileReference; lastKnownFileType = image.png; path = Instagram1.png; sourceTree = "<group>"; };
		4397674817B1BCD80040C947 /* LAPostItem.h */ = {isa = PBXFileReference; fileEncoding = 4; lastKnownFileType = sourcecode.c.h; path = LAPostItem.h; sourceTree = "<group>"; };
		4397674917B1BCD80040C947 /* LAPostItem.m */ = {isa = PBXFileReference; fileEncoding = 4; lastKnownFileType = sourcecode.c.objc; path = LAPostItem.m; sourceTree = "<group>"; };
		4397674B17B2A75C0040C947 /* placeholder.png */ = {isa = PBXFileReference; lastKnownFileType = image.png; path = placeholder.png; sourceTree = "<group>"; };
		43BE532E17C2EDA4008BE0E7 /* griffin-dance-bg-1.png */ = {isa = PBXFileReference; lastKnownFileType = image.png; path = "griffin-dance-bg-1.png"; sourceTree = "<group>"; };
		43BE533017C2EE15008BE0E7 /* dark-griffin-dance-bg-1.png */ = {isa = PBXFileReference; lastKnownFileType = image.png; path = "dark-griffin-dance-bg-1.png"; sourceTree = "<group>"; };
		43BE533417C3BA9A008BE0E7 /* Default-568h@2x.png */ = {isa = PBXFileReference; lastKnownFileType = image.png; name = "Default-568h@2x.png"; path = "../Default-568h@2x.png"; sourceTree = "<group>"; };
		43BE533617C3BB36008BE0E7 /* Default@2x.png */ = {isa = PBXFileReference; lastKnownFileType = image.png; name = "Default@2x.png"; path = "../Default@2x.png"; sourceTree = "<group>"; };
		43BE533817C3BB96008BE0E7 /* Default.png */ = {isa = PBXFileReference; lastKnownFileType = image.png; name = Default.png; path = ../Default.png; sourceTree = "<group>"; };
		43BE533A17C3BCB5008BE0E7 /* dark-griffin-dance-bg-2.png */ = {isa = PBXFileReference; lastKnownFileType = image.png; path = "dark-griffin-dance-bg-2.png"; sourceTree = "<group>"; };
		43BE533B17C3BCB5008BE0E7 /* griffin-dance-bg-2.png */ = {isa = PBXFileReference; lastKnownFileType = image.png; path = "griffin-dance-bg-2.png"; sourceTree = "<group>"; };
		43DC44B517A79638005729D8 /* LAStoreManager.h */ = {isa = PBXFileReference; fileEncoding = 4; lastKnownFileType = sourcecode.c.h; path = LAStoreManager.h; sourceTree = "<group>"; };
		43DC44B617A79638005729D8 /* LAStoreManager.m */ = {isa = PBXFileReference; fileEncoding = 4; lastKnownFileType = sourcecode.c.objc; path = LAStoreManager.m; sourceTree = "<group>"; };
		43DC44B817A7966E005729D8 /* Parse.framework */ = {isa = PBXFileReference; lastKnownFileType = wrapper.framework; path = Parse.framework; sourceTree = "<group>"; };
		43DC44BB17A7A0EF005729D8 /* AudioToolbox.framework */ = {isa = PBXFileReference; lastKnownFileType = wrapper.framework; name = AudioToolbox.framework; path = System/Library/Frameworks/AudioToolbox.framework; sourceTree = SDKROOT; };
		43DC44BD17A7A10A005729D8 /* CoreLocation.framework */ = {isa = PBXFileReference; lastKnownFileType = wrapper.framework; name = CoreLocation.framework; path = System/Library/Frameworks/CoreLocation.framework; sourceTree = SDKROOT; };
		43DC44BF17A7A125005729D8 /* CFNetwork.framework */ = {isa = PBXFileReference; lastKnownFileType = wrapper.framework; name = CFNetwork.framework; path = System/Library/Frameworks/CFNetwork.framework; sourceTree = SDKROOT; };
		43DC44C117A7A159005729D8 /* Security.framework */ = {isa = PBXFileReference; lastKnownFileType = wrapper.framework; name = Security.framework; path = System/Library/Frameworks/Security.framework; sourceTree = SDKROOT; };
		43DC44C317A7A186005729D8 /* SystemConfiguration.framework */ = {isa = PBXFileReference; lastKnownFileType = wrapper.framework; name = SystemConfiguration.framework; path = System/Library/Frameworks/SystemConfiguration.framework; sourceTree = SDKROOT; };
		43DC44C517A7A1BE005729D8 /* MobileCoreServices.framework */ = {isa = PBXFileReference; lastKnownFileType = wrapper.framework; name = MobileCoreServices.framework; path = System/Library/Frameworks/MobileCoreServices.framework; sourceTree = SDKROOT; };
		43F9621117C6B444006F9AF4 /* LADataLoader.h */ = {isa = PBXFileReference; fileEncoding = 4; lastKnownFileType = sourcecode.c.h; path = LADataLoader.h; sourceTree = "<group>"; };
		43F9621217C6B444006F9AF4 /* LADataLoader.m */ = {isa = PBXFileReference; fileEncoding = 4; lastKnownFileType = sourcecode.c.objc; path = LADataLoader.m; sourceTree = "<group>"; };
		43F9621417C6D7C7006F9AF4 /* menu-icon.png */ = {isa = PBXFileReference; lastKnownFileType = image.png; path = "menu-icon.png"; sourceTree = "<group>"; };
		43F9621C17CBCFF2006F9AF4 /* LANoticeViewController.h */ = {isa = PBXFileReference; fileEncoding = 4; lastKnownFileType = sourcecode.c.h; path = LANoticeViewController.h; sourceTree = "<group>"; };
		43F9621D17CBCFF2006F9AF4 /* LANoticeViewController.m */ = {isa = PBXFileReference; fileEncoding = 4; lastKnownFileType = sourcecode.c.objc; path = LANoticeViewController.m; sourceTree = "<group>"; };
		43F9622017CC01B4006F9AF4 /* LAHashtagViewController.h */ = {isa = PBXFileReference; fileEncoding = 4; lastKnownFileType = sourcecode.c.h; path = LAHashtagViewController.h; sourceTree = "<group>"; };
		43F9622117CC01B4006F9AF4 /* LAHashtagViewController.m */ = {isa = PBXFileReference; fileEncoding = 4; lastKnownFileType = sourcecode.c.objc; path = LAHashtagViewController.m; sourceTree = "<group>"; };
		43F9622317CC0E38006F9AF4 /* LAHashtagAndPost.h */ = {isa = PBXFileReference; fileEncoding = 4; lastKnownFileType = sourcecode.c.h; path = LAHashtagAndPost.h; sourceTree = "<group>"; };
		43F9622417CC0E38006F9AF4 /* LAHashtagAndPost.m */ = {isa = PBXFileReference; fileEncoding = 4; lastKnownFileType = sourcecode.c.objc; path = LAHashtagAndPost.m; sourceTree = "<group>"; };
		44C777CB17D66EBB0062FDF4 /* LAIntroOverviewViewController.h */ = {isa = PBXFileReference; fileEncoding = 4; lastKnownFileType = sourcecode.c.h; path = LAIntroOverviewViewController.h; sourceTree = "<group>"; };
		44C777CC17D66EBB0062FDF4 /* LAIntroOverviewViewController.m */ = {isa = PBXFileReference; fileEncoding = 4; lastKnownFileType = sourcecode.c.objc; path = LAIntroOverviewViewController.m; sourceTree = "<group>"; };
		44C777D117D6739B0062FDF4 /* sign-in-01.png */ = {isa = PBXFileReference; lastKnownFileType = image.png; path = "sign-in-01.png"; sourceTree = "<group>"; };
		44C777D217D6739B0062FDF4 /* sign-in-01@2x.png */ = {isa = PBXFileReference; lastKnownFileType = image.png; path = "sign-in-01@2x.png"; sourceTree = "<group>"; };
		44C777D317D6739B0062FDF4 /* sign-in-02.png */ = {isa = PBXFileReference; lastKnownFileType = image.png; path = "sign-in-02.png"; sourceTree = "<group>"; };
		44C777D417D6739B0062FDF4 /* sign-in-02@2x.png */ = {isa = PBXFileReference; lastKnownFileType = image.png; path = "sign-in-02@2x.png"; sourceTree = "<group>"; };
		65032EF417DA3C49004683BB /* iphone-sign-in-01.png */ = {isa = PBXFileReference; lastKnownFileType = image.png; path = "iphone-sign-in-01.png"; sourceTree = "<group>"; };
		65032EF517DA3C49004683BB /* iphone-sign-in-02.png */ = {isa = PBXFileReference; lastKnownFileType = image.png; path = "iphone-sign-in-02.png"; sourceTree = "<group>"; };
		65032EF817DA7F30004683BB /* instagramSocialLink.png */ = {isa = PBXFileReference; lastKnownFileType = image.png; path = instagramSocialLink.png; sourceTree = "<group>"; };
		65032EF917DA7F30004683BB /* flickrSocialLink.png */ = {isa = PBXFileReference; lastKnownFileType = image.png; path = flickrSocialLink.png; sourceTree = "<group>"; };
		65032EFA17DA7F30004683BB /* facebookSocialLink.png */ = {isa = PBXFileReference; lastKnownFileType = image.png; path = facebookSocialLink.png; sourceTree = "<group>"; };
		65032EFB17DA7F30004683BB /* twitterSocialLink.png */ = {isa = PBXFileReference; lastKnownFileType = image.png; path = twitterSocialLink.png; sourceTree = "<group>"; };
		65032EFC17DA7F30004683BB /* youtubeSocialLink.png */ = {isa = PBXFileReference; lastKnownFileType = image.png; path = youtubeSocialLink.png; sourceTree = "<group>"; };
		65032F0417DA81A0004683BB /* LASchoolLinksViewController.h */ = {isa = PBXFileReference; fileEncoding = 4; lastKnownFileType = sourcecode.c.h; path = LASchoolLinksViewController.h; sourceTree = "<group>"; };
		65032F0517DA81A0004683BB /* LASchoolLinksViewController.m */ = {isa = PBXFileReference; fileEncoding = 4; lastKnownFileType = sourcecode.c.objc; path = LASchoolLinksViewController.m; sourceTree = "<group>"; };
		650B6B2D17CE740300F93BBD /* LAAboutViewController.h */ = {isa = PBXFileReference; fileEncoding = 4; lastKnownFileType = sourcecode.c.h; path = LAAboutViewController.h; sourceTree = "<group>"; };
		650B6B2E17CE740300F93BBD /* LAAboutViewController.m */ = {isa = PBXFileReference; fileEncoding = 4; lastKnownFileType = sourcecode.c.objc; path = LAAboutViewController.m; sourceTree = "<group>"; };
		651F0C0E17B9FBC20018794A /* LAPostCell.h */ = {isa = PBXFileReference; fileEncoding = 4; lastKnownFileType = sourcecode.c.h; path = LAPostCell.h; sourceTree = "<group>"; };
		651F0C0F17B9FBC20018794A /* LAPostCell.m */ = {isa = PBXFileReference; fileEncoding = 4; lastKnownFileType = sourcecode.c.objc; path = LAPostCell.m; sourceTree = "<group>"; };
		651F0C1317BAC1F00018794A /* photo2.jpg */ = {isa = PBXFileReference; lastKnownFileType = image.jpeg; path = photo2.jpg; sourceTree = "<group>"; };
		6523AE2E17B42A1E00AFD830 /* Roboto-Black.ttf */ = {isa = PBXFileReference; lastKnownFileType = file; path = "Roboto-Black.ttf"; sourceTree = "<group>"; };
		6523AE2F17B42A1E00AFD830 /* Roboto-BlackItalic.ttf */ = {isa = PBXFileReference; lastKnownFileType = file; path = "Roboto-BlackItalic.ttf"; sourceTree = "<group>"; };
		6523AE3017B42A1E00AFD830 /* Roboto-Bold.ttf */ = {isa = PBXFileReference; lastKnownFileType = file; path = "Roboto-Bold.ttf"; sourceTree = "<group>"; };
		6523AE3117B42A1E00AFD830 /* Roboto-BoldItalic.ttf */ = {isa = PBXFileReference; lastKnownFileType = file; path = "Roboto-BoldItalic.ttf"; sourceTree = "<group>"; };
		6523AE3217B42A1E00AFD830 /* Roboto-Italic.ttf */ = {isa = PBXFileReference; lastKnownFileType = file; path = "Roboto-Italic.ttf"; sourceTree = "<group>"; };
		6523AE3317B42A1E00AFD830 /* Roboto-Light.ttf */ = {isa = PBXFileReference; lastKnownFileType = file; path = "Roboto-Light.ttf"; sourceTree = "<group>"; };
		6523AE3417B42A1E00AFD830 /* Roboto-LightItalic.ttf */ = {isa = PBXFileReference; lastKnownFileType = file; path = "Roboto-LightItalic.ttf"; sourceTree = "<group>"; };
		6523AE3517B42A1E00AFD830 /* Roboto-Medium.ttf */ = {isa = PBXFileReference; lastKnownFileType = file; path = "Roboto-Medium.ttf"; sourceTree = "<group>"; };
		6523AE3617B42A1E00AFD830 /* Roboto-MediumItalic.ttf */ = {isa = PBXFileReference; lastKnownFileType = file; path = "Roboto-MediumItalic.ttf"; sourceTree = "<group>"; };
		6523AE3717B42A1E00AFD830 /* Roboto-Regular.ttf */ = {isa = PBXFileReference; lastKnownFileType = file; path = "Roboto-Regular.ttf"; sourceTree = "<group>"; };
		6523AE3817B42A1E00AFD830 /* Roboto-Thin.ttf */ = {isa = PBXFileReference; lastKnownFileType = file; path = "Roboto-Thin.ttf"; sourceTree = "<group>"; };
		6523AE3917B42A1E00AFD830 /* Roboto-ThinItalic.ttf */ = {isa = PBXFileReference; lastKnownFileType = file; path = "Roboto-ThinItalic.ttf"; sourceTree = "<group>"; };
		6525769517E7821E00BA43F7 /* icomoon.ttf */ = {isa = PBXFileReference; lastKnownFileType = file; path = icomoon.ttf; sourceTree = "<group>"; };
		6525769717E787EA00BA43F7 /* gradientlosal1.png */ = {isa = PBXFileReference; lastKnownFileType = image.png; path = gradientlosal1.png; sourceTree = "<group>"; };
		6525769817E787EA00BA43F7 /* gradientlosal2.png */ = {isa = PBXFileReference; lastKnownFileType = image.png; path = gradientlosal2.png; sourceTree = "<group>"; };
		6525769C17E791F700BA43F7 /* AppIcon29x29.png */ = {isa = PBXFileReference; lastKnownFileType = image.png; path = AppIcon29x29.png; sourceTree = "<group>"; };
		6525769D17E791F700BA43F7 /* AppIcon29x29@2x.png */ = {isa = PBXFileReference; lastKnownFileType = image.png; path = "AppIcon29x29@2x.png"; sourceTree = "<group>"; };
		6525769E17E791F700BA43F7 /* AppIcon40x40.png */ = {isa = PBXFileReference; lastKnownFileType = image.png; path = AppIcon40x40.png; sourceTree = "<group>"; };
		6525769F17E791F700BA43F7 /* AppIcon40x40@2x.png */ = {isa = PBXFileReference; lastKnownFileType = image.png; path = "AppIcon40x40@2x.png"; sourceTree = "<group>"; };
		652576A017E791F700BA43F7 /* AppIcon60x60.png */ = {isa = PBXFileReference; lastKnownFileType = image.png; path = AppIcon60x60.png; sourceTree = "<group>"; };
		652576A117E791F700BA43F7 /* AppIcon60x60@2x.png */ = {isa = PBXFileReference; lastKnownFileType = image.png; path = "AppIcon60x60@2x.png"; sourceTree = "<group>"; };
		652576A217E791F700BA43F7 /* AppIcon76x76.png */ = {isa = PBXFileReference; lastKnownFileType = image.png; path = AppIcon76x76.png; sourceTree = "<group>"; };
		652576A317E791F700BA43F7 /* AppIcon76x76@2x.png */ = {isa = PBXFileReference; lastKnownFileType = image.png; path = "AppIcon76x76@2x.png"; sourceTree = "<group>"; };
		652576A417E791F700BA43F7 /* iTunesArtwork.png */ = {isa = PBXFileReference; lastKnownFileType = image.png; path = iTunesArtwork.png; sourceTree = "<group>"; };
		652576A517E791F700BA43F7 /* iTunesArtwork@2x.png */ = {isa = PBXFileReference; lastKnownFileType = image.png; path = "iTunesArtwork@2x.png"; sourceTree = "<group>"; };
		652576B017E7922E00BA43F7 /* Images.xcassets */ = {isa = PBXFileReference; lastKnownFileType = folder.assetcatalog; path = Images.xcassets; sourceTree = "<group>"; };
		652F518B17D00DCA004DD0DA /* LANoticesStore.h */ = {isa = PBXFileReference; fileEncoding = 4; lastKnownFileType = sourcecode.c.h; path = LANoticesStore.h; sourceTree = "<group>"; };
		652F518C17D00DCA004DD0DA /* LANoticesStore.m */ = {isa = PBXFileReference; fileEncoding = 4; lastKnownFileType = sourcecode.c.objc; path = LANoticesStore.m; sourceTree = "<group>"; };
		652F519117D02124004DD0DA /* LANoticeItemCell.h */ = {isa = PBXFileReference; fileEncoding = 4; lastKnownFileType = sourcecode.c.h; path = LANoticeItemCell.h; sourceTree = "<group>"; };
		652F519217D02124004DD0DA /* LANoticeItemCell.m */ = {isa = PBXFileReference; fileEncoding = 4; lastKnownFileType = sourcecode.c.objc; path = LANoticeItemCell.m; sourceTree = "<group>"; };
		6530906A17BD87C400ADA359 /* facebook.png */ = {isa = PBXFileReference; lastKnownFileType = image.png; path = facebook.png; sourceTree = "<group>"; };
		6530906B17BD87C400ADA359 /* instagramlike.png */ = {isa = PBXFileReference; lastKnownFileType = image.png; path = instagramlike.png; sourceTree = "<group>"; };
		6530906C17BD87C400ADA359 /* instagram.png */ = {isa = PBXFileReference; lastKnownFileType = image.png; path = instagram.png; sourceTree = "<group>"; };
		6530906D17BD87C400ADA359 /* twitter.png */ = {isa = PBXFileReference; lastKnownFileType = image.png; path = twitter.png; sourceTree = "<group>"; };
		6530906E17BD87C400ADA359 /* twitterlike.png */ = {isa = PBXFileReference; lastKnownFileType = image.png; path = twitterlike.png; sourceTree = "<group>"; };
		6530906F17BD87C400ADA359 /* facebooklike.png */ = {isa = PBXFileReference; lastKnownFileType = image.png; path = facebooklike.png; sourceTree = "<group>"; };
		6530907817BD956E00ADA359 /* clock.png */ = {isa = PBXFileReference; lastKnownFileType = image.png; path = clock.png; sourceTree = "<group>"; };
		653160B417F5F37600BFE162 /* KeychainItemWrapper.h */ = {isa = PBXFileReference; fileEncoding = 4; lastKnownFileType = sourcecode.c.h; path = KeychainItemWrapper.h; sourceTree = "<group>"; };
		653160B517F5F37600BFE162 /* KeychainItemWrapper.m */ = {isa = PBXFileReference; fileEncoding = 4; lastKnownFileType = sourcecode.c.objc; path = KeychainItemWrapper.m; sourceTree = "<group>"; };
		65381B1117F9E3070055F483 /* LAHashTagStore.h */ = {isa = PBXFileReference; fileEncoding = 4; lastKnownFileType = sourcecode.c.h; path = LAHashTagStore.h; sourceTree = "<group>"; };
		65381B1217F9E3070055F483 /* LAHashTagStore.m */ = {isa = PBXFileReference; fileEncoding = 4; lastKnownFileType = sourcecode.c.objc; path = LAHashTagStore.m; sourceTree = "<group>"; };
		65381B1417FA43060055F483 /* LALikesStore.h */ = {isa = PBXFileReference; fileEncoding = 4; lastKnownFileType = sourcecode.c.h; path = LALikesStore.h; sourceTree = "<group>"; };
		65381B1517FA43060055F483 /* LALikesStore.m */ = {isa = PBXFileReference; fileEncoding = 4; lastKnownFileType = sourcecode.c.objc; path = LALikesStore.m; sourceTree = "<group>"; };
		6549236417B9591A003F39E3 /* do-git */ = {isa = PBXFileReference; fileEncoding = 4; lastKnownFileType = text.script.csh; path = "do-git"; sourceTree = "<group>"; };
		6549236517B9591A003F39E3 /* NSDate-Utilities.h */ = {isa = PBXFileReference; fileEncoding = 4; lastKnownFileType = sourcecode.c.h; path = "NSDate-Utilities.h"; sourceTree = "<group>"; };
		6549236617B9591A003F39E3 /* NSDate-Utilities.m */ = {isa = PBXFileReference; fileEncoding = 4; lastKnownFileType = sourcecode.c.objc; path = "NSDate-Utilities.m"; sourceTree = "<group>"; };
		6549236717B9591A003F39E3 /* README.md */ = {isa = PBXFileReference; fileEncoding = 4; lastKnownFileType = text; path = README.md; sourceTree = "<group>"; };
		654A737817CD4F24009A28B3 /* LADetailNoticeViewController.h */ = {isa = PBXFileReference; fileEncoding = 4; lastKnownFileType = sourcecode.c.h; path = LADetailNoticeViewController.h; sourceTree = "<group>"; };
		654A737917CD4F24009A28B3 /* LADetailNoticeViewController.m */ = {isa = PBXFileReference; fileEncoding = 4; lastKnownFileType = sourcecode.c.objc; path = LADetailNoticeViewController.m; sourceTree = "<group>"; };
		6559E6421804FA4100EB0D87 /* social-icon.png */ = {isa = PBXFileReference; lastKnownFileType = image.png; path = "social-icon.png"; sourceTree = "<group>"; };
		656EA0F217D8E55B00EF0E42 /* iphone-sign-in.png */ = {isa = PBXFileReference; lastKnownFileType = image.png; path = "iphone-sign-in.png"; sourceTree = "<group>"; };
		656EA0F417D8E62000EF0E42 /* close-circle.png */ = {isa = PBXFileReference; lastKnownFileType = image.png; path = "close-circle.png"; sourceTree = "<group>"; };
		656FB82817F38D8900629C46 /* LAImageStore.h */ = {isa = PBXFileReference; fileEncoding = 4; lastKnownFileType = sourcecode.c.h; path = LAImageStore.h; sourceTree = "<group>"; };
		656FB82917F38D8900629C46 /* LAImageStore.m */ = {isa = PBXFileReference; fileEncoding = 4; lastKnownFileType = sourcecode.c.objc; path = LAImageStore.m; sourceTree = "<group>"; };
		6576740617C55ACD00EC2881 /* lightning.png */ = {isa = PBXFileReference; lastKnownFileType = image.png; path = lightning.png; sourceTree = "<group>"; };
		6576740A17C55D2800EC2881 /* edmodo-logo.png */ = {isa = PBXFileReference; lastKnownFileType = image.png; path = "edmodo-logo.png"; sourceTree = "<group>"; };
		6576740C17C5615400EC2881 /* news.png */ = {isa = PBXFileReference; lastKnownFileType = image.png; path = news.png; sourceTree = "<group>"; };
		6576740E17C5776E00EC2881 /* griffin-mascot.png */ = {isa = PBXFileReference; lastKnownFileType = image.png; path = "griffin-mascot.png"; sourceTree = "<group>"; };
		6582FCE217F8F97900A9F51C /* RobotoSlab-Bold.ttf */ = {isa = PBXFileReference; lastKnownFileType = file; path = "RobotoSlab-Bold.ttf"; sourceTree = "<group>"; };
		6582FCE317F8F97900A9F51C /* RobotoSlab-Light.ttf */ = {isa = PBXFileReference; lastKnownFileType = file; path = "RobotoSlab-Light.ttf"; sourceTree = "<group>"; };
		6582FCE417F8F97900A9F51C /* RobotoSlab-Regular.ttf */ = {isa = PBXFileReference; lastKnownFileType = file; path = "RobotoSlab-Regular.ttf"; sourceTree = "<group>"; };
		6582FCE517F8F97900A9F51C /* RobotoSlab-Thin.ttf */ = {isa = PBXFileReference; lastKnownFileType = file; path = "RobotoSlab-Thin.ttf"; sourceTree = "<group>"; };
		6588D02317A4BCC500B6C498 /* #LOSAL.app */ = {isa = PBXFileReference; explicitFileType = wrapper.application; includeInIndex = 0; path = "#LOSAL.app"; sourceTree = BUILT_PRODUCTS_DIR; };
		6588D02617A4BCC500B6C498 /* UIKit.framework */ = {isa = PBXFileReference; lastKnownFileType = wrapper.framework; name = UIKit.framework; path = System/Library/Frameworks/UIKit.framework; sourceTree = SDKROOT; };
		6588D02817A4BCC500B6C498 /* Foundation.framework */ = {isa = PBXFileReference; lastKnownFileType = wrapper.framework; name = Foundation.framework; path = System/Library/Frameworks/Foundation.framework; sourceTree = SDKROOT; };
		6588D02A17A4BCC500B6C498 /* CoreGraphics.framework */ = {isa = PBXFileReference; lastKnownFileType = wrapper.framework; name = CoreGraphics.framework; path = System/Library/Frameworks/CoreGraphics.framework; sourceTree = SDKROOT; };
		6588D02E17A4BCC500B6C498 /* #LOSAL-Info.plist */ = {isa = PBXFileReference; lastKnownFileType = text.plist.xml; path = "#LOSAL-Info.plist"; sourceTree = "<group>"; };
		6588D03017A4BCC500B6C498 /* en */ = {isa = PBXFileReference; lastKnownFileType = text.plist.strings; name = en; path = en.lproj/InfoPlist.strings; sourceTree = "<group>"; };
		6588D03217A4BCC500B6C498 /* main.m */ = {isa = PBXFileReference; lastKnownFileType = sourcecode.c.objc; path = main.m; sourceTree = "<group>"; };
		6588D03417A4BCC500B6C498 /* #LOSAL-Prefix.pch */ = {isa = PBXFileReference; lastKnownFileType = sourcecode.c.h; path = "#LOSAL-Prefix.pch"; sourceTree = "<group>"; };
		6588D03517A4BCC500B6C498 /* LAAppDelegate.h */ = {isa = PBXFileReference; lastKnownFileType = sourcecode.c.h; path = LAAppDelegate.h; sourceTree = "<group>"; };
		6588D03617A4BCC500B6C498 /* LAAppDelegate.m */ = {isa = PBXFileReference; lastKnownFileType = sourcecode.c.objc; path = LAAppDelegate.m; sourceTree = "<group>"; };
		6588D03F17A4BCC500B6C498 /* en */ = {isa = PBXFileReference; lastKnownFileType = file.storyboard; name = en; path = en.lproj/MainStoryboard.storyboard; sourceTree = "<group>"; };
		6588D04117A4BCC500B6C498 /* LAFeedViewController.h */ = {isa = PBXFileReference; lastKnownFileType = sourcecode.c.h; path = LAFeedViewController.h; sourceTree = "<group>"; };
		6588D04217A4BCC500B6C498 /* LAFeedViewController.m */ = {isa = PBXFileReference; lastKnownFileType = sourcecode.c.objc; path = LAFeedViewController.m; sourceTree = "<group>"; };
		6588D04C17A4BCC500B6C498 /* #LOSALTests.octest */ = {isa = PBXFileReference; explicitFileType = wrapper.cfbundle; includeInIndex = 0; path = "#LOSALTests.octest"; sourceTree = BUILT_PRODUCTS_DIR; };
		6588D04D17A4BCC500B6C498 /* SenTestingKit.framework */ = {isa = PBXFileReference; lastKnownFileType = wrapper.framework; name = SenTestingKit.framework; path = Library/Frameworks/SenTestingKit.framework; sourceTree = DEVELOPER_DIR; };
		6588D05517A4BCC500B6C498 /* #LOSALTests-Info.plist */ = {isa = PBXFileReference; lastKnownFileType = text.plist.xml; path = "#LOSALTests-Info.plist"; sourceTree = "<group>"; };
		6588D05717A4BCC500B6C498 /* en */ = {isa = PBXFileReference; lastKnownFileType = text.plist.strings; name = en; path = en.lproj/InfoPlist.strings; sourceTree = "<group>"; };
		6588D05917A4BCC500B6C498 /* _LOSALTests.h */ = {isa = PBXFileReference; lastKnownFileType = sourcecode.c.h; path = _LOSALTests.h; sourceTree = "<group>"; };
		6588D05A17A4BCC500B6C498 /* _LOSALTests.m */ = {isa = PBXFileReference; lastKnownFileType = sourcecode.c.objc; path = _LOSALTests.m; sourceTree = "<group>"; };
		6588D06417A4BEBF00B6C498 /* LASplashViewController.h */ = {isa = PBXFileReference; fileEncoding = 4; lastKnownFileType = sourcecode.c.h; path = LASplashViewController.h; sourceTree = "<group>"; };
		6588D06517A4BEBF00B6C498 /* LASplashViewController.m */ = {isa = PBXFileReference; fileEncoding = 4; lastKnownFileType = sourcecode.c.objc; path = LASplashViewController.m; sourceTree = "<group>"; };
		6588D0A617A4C02D00B6C498 /* ECSlidingViewController.h */ = {isa = PBXFileReference; fileEncoding = 4; lastKnownFileType = sourcecode.c.h; path = ECSlidingViewController.h; sourceTree = "<group>"; };
		6588D0A717A4C02D00B6C498 /* ECSlidingViewController.m */ = {isa = PBXFileReference; fileEncoding = 4; lastKnownFileType = sourcecode.c.objc; path = ECSlidingViewController.m; sourceTree = "<group>"; };
		6588D0A817A4C02D00B6C498 /* UIImage+ImageWithUIView.h */ = {isa = PBXFileReference; fileEncoding = 4; lastKnownFileType = sourcecode.c.h; path = "UIImage+ImageWithUIView.h"; sourceTree = "<group>"; };
		6588D0A917A4C02D00B6C498 /* UIImage+ImageWithUIView.m */ = {isa = PBXFileReference; fileEncoding = 4; lastKnownFileType = sourcecode.c.objc; path = "UIImage+ImageWithUIView.m"; sourceTree = "<group>"; };
		6588D0AC17A4C31C00B6C498 /* LAMenuViewController.h */ = {isa = PBXFileReference; fileEncoding = 4; lastKnownFileType = sourcecode.c.h; path = LAMenuViewController.h; sourceTree = "<group>"; };
		6588D0AD17A4C31C00B6C498 /* LAMenuViewController.m */ = {isa = PBXFileReference; fileEncoding = 4; lastKnownFileType = sourcecode.c.objc; path = LAMenuViewController.m; sourceTree = "<group>"; };
		6588D0B117A4C9CE00B6C498 /* menuBtn.png */ = {isa = PBXFileReference; lastKnownFileType = image.png; path = menuBtn.png; sourceTree = "<group>"; };
		65951E1F17EFAE790072A2C3 /* gradient-iphone4.png */ = {isa = PBXFileReference; lastKnownFileType = image.png; path = "gradient-iphone4.png"; sourceTree = "<group>"; };
		65ADBBED17CFFCFC0070C57C /* LANoticeItem.h */ = {isa = PBXFileReference; fileEncoding = 4; lastKnownFileType = sourcecode.c.h; path = LANoticeItem.h; sourceTree = "<group>"; };
		65ADBBEE17CFFCFC0070C57C /* LANoticeItem.m */ = {isa = PBXFileReference; fileEncoding = 4; lastKnownFileType = sourcecode.c.objc; path = LANoticeItem.m; sourceTree = "<group>"; };
		65B2A33D17D551CD004DA2FA /* gradient-text.png */ = {isa = PBXFileReference; lastKnownFileType = image.png; path = "gradient-text.png"; sourceTree = "<group>"; };
		65B2A33F17D55944004DA2FA /* dark-gradient.png */ = {isa = PBXFileReference; lastKnownFileType = image.png; path = "dark-gradient.png"; sourceTree = "<group>"; };
		65B2A35317D7D426004DA2FA /* dr-arnold-wht2.png */ = {isa = PBXFileReference; lastKnownFileType = image.png; path = "dr-arnold-wht2.png"; sourceTree = "<group>"; };
		65B2A35517D7D42C004DA2FA /* localism-blk.png */ = {isa = PBXFileReference; lastKnownFileType = image.png; path = "localism-blk.png"; sourceTree = "<group>"; };
		65C522EC17D109F900C5622C /* school-links.png */ = {isa = PBXFileReference; lastKnownFileType = image.png; path = "school-links.png"; sourceTree = "<group>"; };
		65EBCDF817CC07B1009138E8 /* socrative-logo.png */ = {isa = PBXFileReference; lastKnownFileType = image.png; path = "socrative-logo.png"; sourceTree = "<group>"; };
		65EBCE2C17CC357C009138E8 /* A-plus.png */ = {isa = PBXFileReference; lastKnownFileType = image.png; path = "A-plus.png"; sourceTree = "<group>"; };
		65F787E517FBC34D001C0D3E /* TestFlight.h */ = {isa = PBXFileReference; fileEncoding = 4; lastKnownFileType = sourcecode.c.h; path = TestFlight.h; sourceTree = "<group>"; };
		65F787E617FBC34D001C0D3E /* TestFlight+AsyncLogging.h */ = {isa = PBXFileReference; fileEncoding = 4; lastKnownFileType = sourcecode.c.h; path = "TestFlight+AsyncLogging.h"; sourceTree = "<group>"; };
		65F787E717FBC34D001C0D3E /* TestFlight+ManualSessions.h */ = {isa = PBXFileReference; fileEncoding = 4; lastKnownFileType = sourcecode.c.h; path = "TestFlight+ManualSessions.h"; sourceTree = "<group>"; };
		843A847A181053E400D7B8D1 /* libTestFlight.a */ = {isa = PBXFileReference; lastKnownFileType = archive.ar; path = libTestFlight.a; sourceTree = "<group>"; };
/* End PBXFileReference section */

/* Begin PBXFrameworksBuildPhase section */
		6588D02017A4BCC500B6C498 /* Frameworks */ = {
			isa = PBXFrameworksBuildPhase;
			buildActionMask = 2147483647;
			files = (
				843A847B181053E400D7B8D1 /* libTestFlight.a in Frameworks */,
				43DC44C217A7A159005729D8 /* Security.framework in Frameworks */,
				4358C00E17BC255600525BB8 /* Accounts.framework in Frameworks */,
				4358C00C17BC216400525BB8 /* Social.framework in Frameworks */,
				4378F31F17B2D28D00DEBE6A /* ImageIO.framework in Frameworks */,
				4397674017B06AE90040C947 /* libz.dylib in Frameworks */,
				43DC44C617A7A1BE005729D8 /* MobileCoreServices.framework in Frameworks */,
				43DC44C417A7A186005729D8 /* SystemConfiguration.framework in Frameworks */,
				43DC44C017A7A125005729D8 /* CFNetwork.framework in Frameworks */,
				43DC44BE17A7A10A005729D8 /* CoreLocation.framework in Frameworks */,
				43DC44BC17A7A0EF005729D8 /* AudioToolbox.framework in Frameworks */,
				6588D02717A4BCC500B6C498 /* UIKit.framework in Frameworks */,
				6588D02917A4BCC500B6C498 /* Foundation.framework in Frameworks */,
				6588D02B17A4BCC500B6C498 /* CoreGraphics.framework in Frameworks */,
				43DC44B917A7966E005729D8 /* Parse.framework in Frameworks */,
			);
			runOnlyForDeploymentPostprocessing = 0;
		};
		6588D04817A4BCC500B6C498 /* Frameworks */ = {
			isa = PBXFrameworksBuildPhase;
			buildActionMask = 2147483647;
			files = (
				6588D04E17A4BCC500B6C498 /* SenTestingKit.framework in Frameworks */,
				6588D04F17A4BCC500B6C498 /* UIKit.framework in Frameworks */,
				6588D05017A4BCC500B6C498 /* Foundation.framework in Frameworks */,
			);
			runOnlyForDeploymentPostprocessing = 0;
		};
/* End PBXFrameworksBuildPhase section */

/* Begin PBXGroup section */
		4358C00317BBF9E200525BB8 /* Social Libraries */ = {
			isa = PBXGroup;
			children = (
				4358C00817BBFB9000525BB8 /* LASocialManager.h */,
				4358C00917BBFB9000525BB8 /* LASocialManager.m */,
			);
			name = "Social Libraries";
			sourceTree = "<group>";
		};
		4358C00417BBFA2A00525BB8 /* Interface Builder */ = {
			isa = PBXGroup;
			children = (
				6588D03E17A4BCC500B6C498 /* MainStoryboard.storyboard */,
			);
			name = "Interface Builder";
			sourceTree = "<group>";
		};
		4358C00517BBFA3E00525BB8 /* Init */ = {
			isa = PBXGroup;
			children = (
				6588D06417A4BEBF00B6C498 /* LASplashViewController.h */,
				6588D06517A4BEBF00B6C498 /* LASplashViewController.m */,
				6588D0AC17A4C31C00B6C498 /* LAMenuViewController.h */,
				6588D0AD17A4C31C00B6C498 /* LAMenuViewController.m */,
			);
			name = Init;
			sourceTree = "<group>";
		};
		4358C00617BBFA6000525BB8 /* Main Feed */ = {
			isa = PBXGroup;
			children = (
				6588D04117A4BCC500B6C498 /* LAFeedViewController.h */,
				6588D04217A4BCC500B6C498 /* LAFeedViewController.m */,
				651F0C0E17B9FBC20018794A /* LAPostCell.h */,
				651F0C0F17B9FBC20018794A /* LAPostCell.m */,
				43F9622017CC01B4006F9AF4 /* LAHashtagViewController.h */,
				43F9622117CC01B4006F9AF4 /* LAHashtagViewController.m */,
				65381B1117F9E3070055F483 /* LAHashTagStore.h */,
				65381B1217F9E3070055F483 /* LAHashTagStore.m */,
				4358C00017BAF67700525BB8 /* LASocialNetworksView.h */,
				4358C00117BAF67700525BB8 /* LASocialNetworksView.m */,
			);
			name = "Main Feed";
			sourceTree = "<group>";
		};
		4358C00717BBFA9200525BB8 /* Notices */ = {
			isa = PBXGroup;
			children = (
				43F9621C17CBCFF2006F9AF4 /* LANoticeViewController.h */,
				43F9621D17CBCFF2006F9AF4 /* LANoticeViewController.m */,
				654A737817CD4F24009A28B3 /* LADetailNoticeViewController.h */,
				654A737917CD4F24009A28B3 /* LADetailNoticeViewController.m */,
				65ADBBED17CFFCFC0070C57C /* LANoticeItem.h */,
				65ADBBEE17CFFCFC0070C57C /* LANoticeItem.m */,
				652F518B17D00DCA004DD0DA /* LANoticesStore.h */,
				652F518C17D00DCA004DD0DA /* LANoticesStore.m */,
				652F519117D02124004DD0DA /* LANoticeItemCell.h */,
				652F519217D02124004DD0DA /* LANoticeItemCell.m */,
				656FB82817F38D8900629C46 /* LAImageStore.h */,
				656FB82917F38D8900629C46 /* LAImageStore.m */,
			);
			name = Notices;
			sourceTree = "<group>";
		};
		4378F37517B2DF0E00DEBE6A /* Utilities */ = {
			isa = PBXGroup;
			children = (
				4378F37617B2DF1F00DEBE6A /* LAImageLoader.h */,
				4378F37717B2DF1F00DEBE6A /* LAImageLoader.m */,
				43397B4117B93582003F4977 /* LAImage+Color.h */,
				43397B4217B93582003F4977 /* LAImage+Color.m */,
				43249B9617C689AE0063197B /* LAColor+Hex.h */,
				43249B9717C689AF0063197B /* LAColor+Hex.m */,
				43F9621117C6B444006F9AF4 /* LADataLoader.h */,
				43F9621217C6B444006F9AF4 /* LADataLoader.m */,
			);
			name = Utilities;
			sourceTree = "<group>";
		};
		438C51F117BABE7C00DB1054 /* instagram-ios-sdk */ = {
			isa = PBXGroup;
			children = (
				438C51F217BABE7C00DB1054 /* IGConnect.h */,
				438C51F317BABE7C00DB1054 /* IGRequest.h */,
				438C51F417BABE7C00DB1054 /* IGRequest.m */,
				438C51F517BABE7C00DB1054 /* Instagram.h */,
				438C51F617BABE7C00DB1054 /* Instagram.m */,
			);
			name = "instagram-ios-sdk";
			path = "instagram-ios-sdk/instagram-ios-sdk";
			sourceTree = "<group>";
		};
		4397674717B1BCB50040C947 /* Model */ = {
			isa = PBXGroup;
			children = (
				43397B4917B96833003F4977 /* LAUser.h */,
				43397B4A17B96833003F4977 /* LAUser.m */,
				43F9622317CC0E38006F9AF4 /* LAHashtagAndPost.h */,
				43F9622417CC0E38006F9AF4 /* LAHashtagAndPost.m */,
				4397674817B1BCD80040C947 /* LAPostItem.h */,
				4397674917B1BCD80040C947 /* LAPostItem.m */,
				436507F317C291DA0088D62F /* LASettings.h */,
				436507F417C291DA0088D62F /* LASettings.m */,
			);
			name = Model;
			sourceTree = "<group>";
		};
		43BE533E17C3BD7B008BE0E7 /* Background Images */ = {
			isa = PBXGroup;
			children = (
				65951E1F17EFAE790072A2C3 /* gradient-iphone4.png */,
				6525769717E787EA00BA43F7 /* gradientlosal1.png */,
				6525769817E787EA00BA43F7 /* gradientlosal2.png */,
				44C777D117D6739B0062FDF4 /* sign-in-01.png */,
				44C777D217D6739B0062FDF4 /* sign-in-01@2x.png */,
				44C777D317D6739B0062FDF4 /* sign-in-02.png */,
				44C777D417D6739B0062FDF4 /* sign-in-02@2x.png */,
				65B2A33F17D55944004DA2FA /* dark-gradient.png */,
				65B2A33D17D551CD004DA2FA /* gradient-text.png */,
				651F0C1317BAC1F00018794A /* photo2.jpg */,
				43BE533817C3BB96008BE0E7 /* Default.png */,
				43BE533617C3BB36008BE0E7 /* Default@2x.png */,
				43BE533417C3BA9A008BE0E7 /* Default-568h@2x.png */,
				43BE532E17C2EDA4008BE0E7 /* griffin-dance-bg-1.png */,
				43BE533017C2EE15008BE0E7 /* dark-griffin-dance-bg-1.png */,
				43BE533A17C3BCB5008BE0E7 /* dark-griffin-dance-bg-2.png */,
				43BE533B17C3BCB5008BE0E7 /* griffin-dance-bg-2.png */,
			);
			name = "Background Images";
			sourceTree = "<group>";
		};
		43DC44BA17A796DC005729D8 /* Store */ = {
			isa = PBXGroup;
			children = (
				65381B1417FA43060055F483 /* LALikesStore.h */,
				65381B1517FA43060055F483 /* LALikesStore.m */,
				43DC44B517A79638005729D8 /* LAStoreManager.h */,
				43DC44B617A79638005729D8 /* LAStoreManager.m */,
			);
			name = Store;
			sourceTree = "<group>";
		};
		65032F0917DA81B1004683BB /* School Links */ = {
			isa = PBXGroup;
			children = (
				65032F0417DA81A0004683BB /* LASchoolLinksViewController.h */,
				65032F0517DA81A0004683BB /* LASchoolLinksViewController.m */,
			);
			name = "School Links";
			sourceTree = "<group>";
		};
		650B6B3217CE741C00F93BBD /* About */ = {
			isa = PBXGroup;
			children = (
				650B6B2D17CE740300F93BBD /* LAAboutViewController.h */,
				650B6B2E17CE740300F93BBD /* LAAboutViewController.m */,
			);
			name = About;
			sourceTree = "<group>";
		};
		6523AE2D17B4261000AFD830 /* Fonts */ = {
			isa = PBXGroup;
			children = (
				6582FCE217F8F97900A9F51C /* RobotoSlab-Bold.ttf */,
				6582FCE317F8F97900A9F51C /* RobotoSlab-Light.ttf */,
				6582FCE417F8F97900A9F51C /* RobotoSlab-Regular.ttf */,
				6582FCE517F8F97900A9F51C /* RobotoSlab-Thin.ttf */,
				6525769517E7821E00BA43F7 /* icomoon.ttf */,
				6523AE2E17B42A1E00AFD830 /* Roboto-Black.ttf */,
				6523AE2F17B42A1E00AFD830 /* Roboto-BlackItalic.ttf */,
				6523AE3017B42A1E00AFD830 /* Roboto-Bold.ttf */,
				6523AE3117B42A1E00AFD830 /* Roboto-BoldItalic.ttf */,
				6523AE3217B42A1E00AFD830 /* Roboto-Italic.ttf */,
				6523AE3317B42A1E00AFD830 /* Roboto-Light.ttf */,
				6523AE3417B42A1E00AFD830 /* Roboto-LightItalic.ttf */,
				6523AE3517B42A1E00AFD830 /* Roboto-Medium.ttf */,
				6523AE3617B42A1E00AFD830 /* Roboto-MediumItalic.ttf */,
				6523AE3717B42A1E00AFD830 /* Roboto-Regular.ttf */,
				6523AE3817B42A1E00AFD830 /* Roboto-Thin.ttf */,
				6523AE3917B42A1E00AFD830 /* Roboto-ThinItalic.ttf */,
			);
			name = Fonts;
			sourceTree = "<group>";
		};
		6525769B17E791F700BA43F7 /* LOSAL App Icon [Squared] */ = {
			isa = PBXGroup;
			children = (
				6525769C17E791F700BA43F7 /* AppIcon29x29.png */,
				6525769D17E791F700BA43F7 /* AppIcon29x29@2x.png */,
				6525769E17E791F700BA43F7 /* AppIcon40x40.png */,
				6525769F17E791F700BA43F7 /* AppIcon40x40@2x.png */,
				652576A017E791F700BA43F7 /* AppIcon60x60.png */,
				652576A117E791F700BA43F7 /* AppIcon60x60@2x.png */,
				652576A217E791F700BA43F7 /* AppIcon76x76.png */,
				652576A317E791F700BA43F7 /* AppIcon76x76@2x.png */,
				652576A417E791F700BA43F7 /* iTunesArtwork.png */,
				652576A517E791F700BA43F7 /* iTunesArtwork@2x.png */,
			);
			path = "LOSAL App Icon [Squared]";
			sourceTree = "<group>";
		};
		6530907617BD8C7D00ADA359 /* Icons */ = {
			isa = PBXGroup;
			children = (
				65C522EC17D109F900C5622C /* school-links.png */,
				65EBCE2C17CC357C009138E8 /* A-plus.png */,
				6559E6421804FA4100EB0D87 /* social-icon.png */,
				65EBCDF817CC07B1009138E8 /* socrative-logo.png */,
				43F9621417C6D7C7006F9AF4 /* menu-icon.png */,
				6576740E17C5776E00EC2881 /* griffin-mascot.png */,
				6576740C17C5615400EC2881 /* news.png */,
				6576740A17C55D2800EC2881 /* edmodo-logo.png */,
				6576740617C55ACD00EC2881 /* lightning.png */,
				6530907817BD956E00ADA359 /* clock.png */,
				6588D0B117A4C9CE00B6C498 /* menuBtn.png */,
				4397674B17B2A75C0040C947 /* placeholder.png */,
				6530907717BD8CA500ADA359 /* SocialMediaIcons */,
			);
			name = Icons;
			sourceTree = "<group>";
		};
		6530907717BD8CA500ADA359 /* SocialMediaIcons */ = {
			isa = PBXGroup;
			children = (
				6530906F17BD87C400ADA359 /* facebooklike.png */,
				6530906E17BD87C400ADA359 /* twitterlike.png */,
				6530906A17BD87C400ADA359 /* facebook.png */,
				6530906B17BD87C400ADA359 /* instagramlike.png */,
				6530906C17BD87C400ADA359 /* instagram.png */,
				6530906D17BD87C400ADA359 /* twitter.png */,
			);
			name = SocialMediaIcons;
			sourceTree = "<group>";
		};
		6549236317B9591A003F39E3 /* NSDate-Extensions-master */ = {
			isa = PBXGroup;
			children = (
				6549236417B9591A003F39E3 /* do-git */,
				6549236517B9591A003F39E3 /* NSDate-Utilities.h */,
				6549236617B9591A003F39E3 /* NSDate-Utilities.m */,
				6549236717B9591A003F39E3 /* README.md */,
			);
			path = "NSDate-Extensions-master";
			sourceTree = "<group>";
		};
		6576741017C57C0B00EC2881 /* WebView */ = {
			isa = PBXGroup;
			children = (
				43249B8D17C522D00063197B /* LAWebViewController.h */,
				43249B8E17C522D00063197B /* LAWebViewController.m */,
			);
			name = WebView;
			sourceTree = "<group>";
		};
		6588D01A17A4BCC500B6C498 = {
			isa = PBXGroup;
			children = (
				6588D02C17A4BCC500B6C498 /* #LOSAL */,
				6588D02D17A4BCC500B6C498 /* Supporting Files */,
				6588D05317A4BCC500B6C498 /* #LOSALTests */,
				6588D02517A4BCC500B6C498 /* Frameworks */,
				6588D02417A4BCC500B6C498 /* Products */,
			);
			sourceTree = "<group>";
		};
		6588D02417A4BCC500B6C498 /* Products */ = {
			isa = PBXGroup;
			children = (
				6588D02317A4BCC500B6C498 /* #LOSAL.app */,
				6588D04C17A4BCC500B6C498 /* #LOSALTests.octest */,
			);
			name = Products;
			sourceTree = "<group>";
		};
		6588D02517A4BCC500B6C498 /* Frameworks */ = {
			isa = PBXGroup;
			children = (
				4358C00D17BC255600525BB8 /* Accounts.framework */,
				4358C00B17BC216400525BB8 /* Social.framework */,
				4378F31E17B2D28D00DEBE6A /* ImageIO.framework */,
				4397673F17B06AE80040C947 /* libz.dylib */,
				43DC44C517A7A1BE005729D8 /* MobileCoreServices.framework */,
				43DC44C317A7A186005729D8 /* SystemConfiguration.framework */,
				43DC44C117A7A159005729D8 /* Security.framework */,
				43DC44BF17A7A125005729D8 /* CFNetwork.framework */,
				43DC44BD17A7A10A005729D8 /* CoreLocation.framework */,
				43DC44BB17A7A0EF005729D8 /* AudioToolbox.framework */,
				43DC44B817A7966E005729D8 /* Parse.framework */,
				6588D02617A4BCC500B6C498 /* UIKit.framework */,
				6588D02817A4BCC500B6C498 /* Foundation.framework */,
				6588D02A17A4BCC500B6C498 /* CoreGraphics.framework */,
				6588D04D17A4BCC500B6C498 /* SenTestingKit.framework */,
			);
			name = Frameworks;
			sourceTree = "<group>";
		};
		6588D02C17A4BCC500B6C498 /* #LOSAL */ = {
			isa = PBXGroup;
			children = (
				6588D06717A4BF2300B6C498 /* External Libraries */,
				6588D03517A4BCC500B6C498 /* LAAppDelegate.h */,
				6588D03617A4BCC500B6C498 /* LAAppDelegate.m */,
				653160B417F5F37600BFE162 /* KeychainItemWrapper.h */,
				653160B517F5F37600BFE162 /* KeychainItemWrapper.m */,
				65F787E517FBC34D001C0D3E /* TestFlight.h */,
				65F787E617FBC34D001C0D3E /* TestFlight+AsyncLogging.h */,
				65F787E717FBC34D001C0D3E /* TestFlight+ManualSessions.h */,
				843A847A181053E400D7B8D1 /* libTestFlight.a */,
				4397674717B1BCB50040C947 /* Model */,
				4358C00317BBF9E200525BB8 /* Social Libraries */,
				43DC44BA17A796DC005729D8 /* Store */,
				4378F37517B2DF0E00DEBE6A /* Utilities */,
				65FA586E17A9880A006598B1 /* Views */,
				652576B017E7922E00BA43F7 /* Images.xcassets */,
			);
			path = "#LOSAL";
			sourceTree = "<group>";
		};
		6588D02D17A4BCC500B6C498 /* Supporting Files */ = {
			isa = PBXGroup;
			children = (
				6525769B17E791F700BA43F7 /* LOSAL App Icon [Squared] */,
				65032EF817DA7F30004683BB /* instagramSocialLink.png */,
				65032EF917DA7F30004683BB /* flickrSocialLink.png */,
				65032EFA17DA7F30004683BB /* facebookSocialLink.png */,
				65032EFB17DA7F30004683BB /* twitterSocialLink.png */,
				65032EFC17DA7F30004683BB /* youtubeSocialLink.png */,
				65032EF417DA3C49004683BB /* iphone-sign-in-01.png */,
				65032EF517DA3C49004683BB /* iphone-sign-in-02.png */,
				656EA0F417D8E62000EF0E42 /* close-circle.png */,
				656EA0F217D8E55B00EF0E42 /* iphone-sign-in.png */,
				65B2A35517D7D42C004DA2FA /* localism-blk.png */,
				65B2A35317D7D426004DA2FA /* dr-arnold-wht2.png */,
				43BE533E17C3BD7B008BE0E7 /* Background Images */,
				6530907617BD8C7D00ADA359 /* Icons */,
				43397B4417B93716003F4977 /* Mustache.png */,
				6523AE2D17B4261000AFD830 /* Fonts */,
				4397674517B1A89F0040C947 /* Instagram1.png */,
				6588D02E17A4BCC500B6C498 /* #LOSAL-Info.plist */,
				6588D02F17A4BCC500B6C498 /* InfoPlist.strings */,
				6588D03217A4BCC500B6C498 /* main.m */,
				6588D03417A4BCC500B6C498 /* #LOSAL-Prefix.pch */,
			);
			name = "Supporting Files";
			path = "#LOSAL";
			sourceTree = "<group>";
		};
		6588D05317A4BCC500B6C498 /* #LOSALTests */ = {
			isa = PBXGroup;
			children = (
				6588D05917A4BCC500B6C498 /* _LOSALTests.h */,
				6588D05A17A4BCC500B6C498 /* _LOSALTests.m */,
				6588D05417A4BCC500B6C498 /* Supporting Files */,
			);
			path = "#LOSALTests";
			sourceTree = "<group>";
		};
		6588D05417A4BCC500B6C498 /* Supporting Files */ = {
			isa = PBXGroup;
			children = (
				6588D05517A4BCC500B6C498 /* #LOSALTests-Info.plist */,
				6588D05617A4BCC500B6C498 /* InfoPlist.strings */,
			);
			name = "Supporting Files";
			sourceTree = "<group>";
		};
		6588D06717A4BF2300B6C498 /* External Libraries */ = {
			isa = PBXGroup;
			children = (
				438C51F117BABE7C00DB1054 /* instagram-ios-sdk */,
				6549236317B9591A003F39E3 /* NSDate-Extensions-master */,
				6588D0A517A4C02D00B6C498 /* ECSlidingViewController */,
			);
			name = "External Libraries";
			sourceTree = "<group>";
		};
		6588D0A517A4C02D00B6C498 /* ECSlidingViewController */ = {
			isa = PBXGroup;
			children = (
				6588D0A617A4C02D00B6C498 /* ECSlidingViewController.h */,
				6588D0A717A4C02D00B6C498 /* ECSlidingViewController.m */,
				6588D0A817A4C02D00B6C498 /* UIImage+ImageWithUIView.h */,
				6588D0A917A4C02D00B6C498 /* UIImage+ImageWithUIView.m */,
			);
			path = ECSlidingViewController;
			sourceTree = "<group>";
		};
		65B2A34117D5909B004DA2FA /* On-Boarding  */ = {
			isa = PBXGroup;
			children = (
				43397B4617B95FBB003F4977 /* LALoginViewController.h */,
				43397B4717B95FBB003F4977 /* LALoginViewController.m */,
				44C777CB17D66EBB0062FDF4 /* LAIntroOverviewViewController.h */,
				44C777CC17D66EBB0062FDF4 /* LAIntroOverviewViewController.m */,
			);
			name = "On-Boarding ";
			sourceTree = "<group>";
		};
		65FA586E17A9880A006598B1 /* Views */ = {
			isa = PBXGroup;
			children = (
				65032F0917DA81B1004683BB /* School Links */,
				65B2A34117D5909B004DA2FA /* On-Boarding  */,
				650B6B3217CE741C00F93BBD /* About */,
				6576741017C57C0B00EC2881 /* WebView */,
				4358C00417BBFA2A00525BB8 /* Interface Builder */,
				4358C00517BBFA3E00525BB8 /* Init */,
				4358C00617BBFA6000525BB8 /* Main Feed */,
				4358C00717BBFA9200525BB8 /* Notices */,
			);
			name = Views;
			sourceTree = "<group>";
		};
/* End PBXGroup section */

/* Begin PBXNativeTarget section */
		6588D02217A4BCC500B6C498 /* #LOSAL */ = {
			isa = PBXNativeTarget;
			buildConfigurationList = 6588D05E17A4BCC500B6C498 /* Build configuration list for PBXNativeTarget "#LOSAL" */;
			buildPhases = (
				6588D01F17A4BCC500B6C498 /* Sources */,
				6588D02017A4BCC500B6C498 /* Frameworks */,
				6588D02117A4BCC500B6C498 /* Resources */,
			);
			buildRules = (
			);
			dependencies = (
			);
			name = "#LOSAL";
			productName = "#LOSAL";
			productReference = 6588D02317A4BCC500B6C498 /* #LOSAL.app */;
			productType = "com.apple.product-type.application";
		};
		6588D04B17A4BCC500B6C498 /* #LOSALTests */ = {
			isa = PBXNativeTarget;
			buildConfigurationList = 6588D06117A4BCC500B6C498 /* Build configuration list for PBXNativeTarget "#LOSALTests" */;
			buildPhases = (
				6588D04717A4BCC500B6C498 /* Sources */,
				6588D04817A4BCC500B6C498 /* Frameworks */,
				6588D04917A4BCC500B6C498 /* Resources */,
				6588D04A17A4BCC500B6C498 /* ShellScript */,
			);
			buildRules = (
			);
			dependencies = (
				6588D05217A4BCC500B6C498 /* PBXTargetDependency */,
			);
			name = "#LOSALTests";
			productName = "#LOSALTests";
			productReference = 6588D04C17A4BCC500B6C498 /* #LOSALTests.octest */;
			productType = "com.apple.product-type.bundle";
		};
/* End PBXNativeTarget section */

/* Begin PBXProject section */
		6588D01B17A4BCC500B6C498 /* Project object */ = {
			isa = PBXProject;
			attributes = {
				CLASSPREFIX = LA;
				LastUpgradeCheck = 0460;
				ORGANIZATIONNAME = Localism;
				TargetAttributes = {
					6588D02217A4BCC500B6C498 = {
						DevelopmentTeam = V35E94V5X8;
					};
				};
			};
			buildConfigurationList = 6588D01E17A4BCC500B6C498 /* Build configuration list for PBXProject "#LOSAL" */;
			compatibilityVersion = "Xcode 3.2";
			developmentRegion = English;
			hasScannedForEncodings = 0;
			knownRegions = (
				en,
			);
			mainGroup = 6588D01A17A4BCC500B6C498;
			productRefGroup = 6588D02417A4BCC500B6C498 /* Products */;
			projectDirPath = "";
			projectRoot = "";
			targets = (
				6588D02217A4BCC500B6C498 /* #LOSAL */,
				6588D04B17A4BCC500B6C498 /* #LOSALTests */,
			);
		};
/* End PBXProject section */

/* Begin PBXResourcesBuildPhase section */
		6588D02117A4BCC500B6C498 /* Resources */ = {
			isa = PBXResourcesBuildPhase;
			buildActionMask = 2147483647;
			files = (
				6588D03117A4BCC500B6C498 /* InfoPlist.strings in Resources */,
				6588D04017A4BCC500B6C498 /* MainStoryboard.storyboard in Resources */,
				6588D0B217A4C9CE00B6C498 /* menuBtn.png in Resources */,
				4397674617B1A89F0040C947 /* Instagram1.png in Resources */,
				4397674C17B2A75C0040C947 /* placeholder.png in Resources */,
				6523AE3A17B42A1E00AFD830 /* Roboto-Black.ttf in Resources */,
				6582FCE917F8F97900A9F51C /* RobotoSlab-Thin.ttf in Resources */,
				652576AC17E791F700BA43F7 /* AppIcon76x76.png in Resources */,
				6523AE3B17B42A1E00AFD830 /* Roboto-BlackItalic.ttf in Resources */,
				6523AE3C17B42A1E00AFD830 /* Roboto-Bold.ttf in Resources */,
				6523AE3D17B42A1E00AFD830 /* Roboto-BoldItalic.ttf in Resources */,
				6523AE3E17B42A1E00AFD830 /* Roboto-Italic.ttf in Resources */,
				652576AB17E791F700BA43F7 /* AppIcon60x60@2x.png in Resources */,
				6523AE3F17B42A1E00AFD830 /* Roboto-Light.ttf in Resources */,
				6523AE4017B42A1E00AFD830 /* Roboto-LightItalic.ttf in Resources */,
				6523AE4117B42A1E00AFD830 /* Roboto-Medium.ttf in Resources */,
				652576AF17E791F700BA43F7 /* iTunesArtwork@2x.png in Resources */,
				6523AE4217B42A1E00AFD830 /* Roboto-MediumItalic.ttf in Resources */,
				6523AE4317B42A1E00AFD830 /* Roboto-Regular.ttf in Resources */,
				6559E6431804FA4100EB0D87 /* social-icon.png in Resources */,
				6523AE4417B42A1E00AFD830 /* Roboto-Thin.ttf in Resources */,
				652576AE17E791F700BA43F7 /* iTunesArtwork.png in Resources */,
				6523AE4517B42A1E00AFD830 /* Roboto-ThinItalic.ttf in Resources */,
				43397B4517B93716003F4977 /* Mustache.png in Resources */,
				6549236817B9591A003F39E3 /* do-git in Resources */,
				6525769617E7821E00BA43F7 /* icomoon.ttf in Resources */,
				6549236A17B9591A003F39E3 /* README.md in Resources */,
				651F0C1417BAC1F00018794A /* photo2.jpg in Resources */,
				6582FCE717F8F97900A9F51C /* RobotoSlab-Light.ttf in Resources */,
				652576A817E791F700BA43F7 /* AppIcon40x40.png in Resources */,
				6530907017BD87C400ADA359 /* facebook.png in Resources */,
				6530907117BD87C400ADA359 /* instagramlike.png in Resources */,
				6530907217BD87C400ADA359 /* instagram.png in Resources */,
				6530907317BD87C400ADA359 /* twitter.png in Resources */,
				6530907417BD87C400ADA359 /* twitterlike.png in Resources */,
				6530907517BD87C400ADA359 /* facebooklike.png in Resources */,
				6530907917BD956E00ADA359 /* clock.png in Resources */,
				43BE532F17C2EDA4008BE0E7 /* griffin-dance-bg-1.png in Resources */,
				43BE533117C2EE15008BE0E7 /* dark-griffin-dance-bg-1.png in Resources */,
				43BE533517C3BA9A008BE0E7 /* Default-568h@2x.png in Resources */,
				65951E2017EFAE790072A2C3 /* gradient-iphone4.png in Resources */,
				6525769A17E787EA00BA43F7 /* gradientlosal2.png in Resources */,
				43BE533717C3BB36008BE0E7 /* Default@2x.png in Resources */,
				43BE533917C3BB96008BE0E7 /* Default.png in Resources */,
				43BE533C17C3BCB5008BE0E7 /* dark-griffin-dance-bg-2.png in Resources */,
				43BE533D17C3BCB5008BE0E7 /* griffin-dance-bg-2.png in Resources */,
				652576A617E791F700BA43F7 /* AppIcon29x29.png in Resources */,
				6576740717C55ACD00EC2881 /* lightning.png in Resources */,
				6576740B17C55D2800EC2881 /* edmodo-logo.png in Resources */,
				6576740D17C5615400EC2881 /* news.png in Resources */,
				6576740F17C5776E00EC2881 /* griffin-mascot.png in Resources */,
				43F9621517C6D7C7006F9AF4 /* menu-icon.png in Resources */,
				65EBCDF917CC07B1009138E8 /* socrative-logo.png in Resources */,
				65EBCE2D17CC357C009138E8 /* A-plus.png in Resources */,
				652576B117E7922E00BA43F7 /* Images.xcassets in Resources */,
				65C522ED17D109F900C5622C /* school-links.png in Resources */,
				65B2A33E17D551CD004DA2FA /* gradient-text.png in Resources */,
				65B2A34017D55944004DA2FA /* dark-gradient.png in Resources */,
				44C777D517D6739B0062FDF4 /* sign-in-01.png in Resources */,
				44C777D617D6739B0062FDF4 /* sign-in-01@2x.png in Resources */,
				44C777D717D6739B0062FDF4 /* sign-in-02.png in Resources */,
				44C777D817D6739B0062FDF4 /* sign-in-02@2x.png in Resources */,
				652576A917E791F700BA43F7 /* AppIcon40x40@2x.png in Resources */,
				65B2A35417D7D426004DA2FA /* dr-arnold-wht2.png in Resources */,
				65B2A35617D7D42C004DA2FA /* localism-blk.png in Resources */,
				656EA0F317D8E55B00EF0E42 /* iphone-sign-in.png in Resources */,
				6582FCE817F8F97900A9F51C /* RobotoSlab-Regular.ttf in Resources */,
				652576AA17E791F700BA43F7 /* AppIcon60x60.png in Resources */,
				6582FCE617F8F97900A9F51C /* RobotoSlab-Bold.ttf in Resources */,
				656EA0F517D8E62000EF0E42 /* close-circle.png in Resources */,
				65032EF617DA3C49004683BB /* iphone-sign-in-01.png in Resources */,
				65032EF717DA3C49004683BB /* iphone-sign-in-02.png in Resources */,
				65032EFE17DA7F30004683BB /* instagramSocialLink.png in Resources */,
				65032EFF17DA7F30004683BB /* flickrSocialLink.png in Resources */,
				6525769917E787EA00BA43F7 /* gradientlosal1.png in Resources */,
				65032F0017DA7F30004683BB /* facebookSocialLink.png in Resources */,
				652576AD17E791F700BA43F7 /* AppIcon76x76@2x.png in Resources */,
				65032F0117DA7F30004683BB /* twitterSocialLink.png in Resources */,
				652576A717E791F700BA43F7 /* AppIcon29x29@2x.png in Resources */,
				65032F0217DA7F30004683BB /* youtubeSocialLink.png in Resources */,
			);
			runOnlyForDeploymentPostprocessing = 0;
		};
		6588D04917A4BCC500B6C498 /* Resources */ = {
			isa = PBXResourcesBuildPhase;
			buildActionMask = 2147483647;
			files = (
				6588D05817A4BCC500B6C498 /* InfoPlist.strings in Resources */,
			);
			runOnlyForDeploymentPostprocessing = 0;
		};
/* End PBXResourcesBuildPhase section */

/* Begin PBXShellScriptBuildPhase section */
		6588D04A17A4BCC500B6C498 /* ShellScript */ = {
			isa = PBXShellScriptBuildPhase;
			buildActionMask = 2147483647;
			files = (
			);
			inputPaths = (
			);
			outputPaths = (
			);
			runOnlyForDeploymentPostprocessing = 0;
			shellPath = /bin/sh;
			shellScript = "# Run the unit tests in this test bundle.\n\"${SYSTEM_DEVELOPER_DIR}/Tools/RunUnitTests\"\n";
		};
/* End PBXShellScriptBuildPhase section */

/* Begin PBXSourcesBuildPhase section */
		6588D01F17A4BCC500B6C498 /* Sources */ = {
			isa = PBXSourcesBuildPhase;
			buildActionMask = 2147483647;
			files = (
				6588D03317A4BCC500B6C498 /* main.m in Sources */,
				6588D03717A4BCC500B6C498 /* LAAppDelegate.m in Sources */,
				6588D04317A4BCC500B6C498 /* LAFeedViewController.m in Sources */,
				656FB82A17F38D8900629C46 /* LAImageStore.m in Sources */,
				6588D06617A4BEBF00B6C498 /* LASplashViewController.m in Sources */,
				6588D0AA17A4C02D00B6C498 /* ECSlidingViewController.m in Sources */,
				6588D0AB17A4C02D00B6C498 /* UIImage+ImageWithUIView.m in Sources */,
				653160B617F5F37600BFE162 /* KeychainItemWrapper.m in Sources */,
				6588D0AE17A4C31C00B6C498 /* LAMenuViewController.m in Sources */,
				43DC44B717A79638005729D8 /* LAStoreManager.m in Sources */,
				4397674A17B1BCD80040C947 /* LAPostItem.m in Sources */,
				4378F37817B2DF1F00DEBE6A /* LAImageLoader.m in Sources */,
				43397B4317B93582003F4977 /* LAImage+Color.m in Sources */,
				6549236917B9591A003F39E3 /* NSDate-Utilities.m in Sources */,
				43397B4817B95FBC003F4977 /* LALoginViewController.m in Sources */,
				43397B4B17B96833003F4977 /* LAUser.m in Sources */,
				651F0C1017B9FBC20018794A /* LAPostCell.m in Sources */,
				438C51FA17BABE7C00DB1054 /* IGRequest.m in Sources */,
				438C51FB17BABE7C00DB1054 /* Instagram.m in Sources */,
				4358C00217BAF67700525BB8 /* LASocialNetworksView.m in Sources */,
				4358C00A17BBFB9000525BB8 /* LASocialManager.m in Sources */,
				436507F517C291DA0088D62F /* LASettings.m in Sources */,
				43249B8F17C522D00063197B /* LAWebViewController.m in Sources */,
				43249B9817C689AF0063197B /* LAColor+Hex.m in Sources */,
				43F9621317C6B444006F9AF4 /* LADataLoader.m in Sources */,
				43F9621F17CBD003006F9AF4 /* LANoticeViewController.m in Sources */,
				43F9622217CC01B4006F9AF4 /* LAHashtagViewController.m in Sources */,
				43F9622517CC0E38006F9AF4 /* LAHashtagAndPost.m in Sources */,
				654A737A17CD4F24009A28B3 /* LADetailNoticeViewController.m in Sources */,
				650B6B2F17CE740300F93BBD /* LAAboutViewController.m in Sources */,
				65381B1617FA43060055F483 /* LALikesStore.m in Sources */,
				65ADBBEF17CFFCFC0070C57C /* LANoticeItem.m in Sources */,
				652F518D17D00DCA004DD0DA /* LANoticesStore.m in Sources */,
				65381B1317F9E3070055F483 /* LAHashTagStore.m in Sources */,
				652F519317D02124004DD0DA /* LANoticeItemCell.m in Sources */,
				44C777CD17D66EBC0062FDF4 /* LAIntroOverviewViewController.m in Sources */,
				65032F0717DA81A0004683BB /* LASchoolLinksViewController.m in Sources */,
			);
			runOnlyForDeploymentPostprocessing = 0;
		};
		6588D04717A4BCC500B6C498 /* Sources */ = {
			isa = PBXSourcesBuildPhase;
			buildActionMask = 2147483647;
			files = (
				6588D05B17A4BCC500B6C498 /* _LOSALTests.m in Sources */,
			);
			runOnlyForDeploymentPostprocessing = 0;
		};
/* End PBXSourcesBuildPhase section */

/* Begin PBXTargetDependency section */
		6588D05217A4BCC500B6C498 /* PBXTargetDependency */ = {
			isa = PBXTargetDependency;
			target = 6588D02217A4BCC500B6C498 /* #LOSAL */;
			targetProxy = 6588D05117A4BCC500B6C498 /* PBXContainerItemProxy */;
		};
/* End PBXTargetDependency section */

/* Begin PBXVariantGroup section */
		6588D02F17A4BCC500B6C498 /* InfoPlist.strings */ = {
			isa = PBXVariantGroup;
			children = (
				6588D03017A4BCC500B6C498 /* en */,
			);
			name = InfoPlist.strings;
			sourceTree = "<group>";
		};
		6588D03E17A4BCC500B6C498 /* MainStoryboard.storyboard */ = {
			isa = PBXVariantGroup;
			children = (
				6588D03F17A4BCC500B6C498 /* en */,
			);
			name = MainStoryboard.storyboard;
			sourceTree = "<group>";
		};
		6588D05617A4BCC500B6C498 /* InfoPlist.strings */ = {
			isa = PBXVariantGroup;
			children = (
				6588D05717A4BCC500B6C498 /* en */,
			);
			name = InfoPlist.strings;
			sourceTree = "<group>";
		};
/* End PBXVariantGroup section */

/* Begin XCBuildConfiguration section */
		6588D05C17A4BCC500B6C498 /* Debug */ = {
			isa = XCBuildConfiguration;
			buildSettings = {
				ALWAYS_SEARCH_USER_PATHS = NO;
				CLANG_CXX_LANGUAGE_STANDARD = "gnu++0x";
				CLANG_CXX_LIBRARY = "libc++";
				CLANG_ENABLE_MODULES = YES;
				CLANG_ENABLE_OBJC_ARC = YES;
				CLANG_WARN_CONSTANT_CONVERSION = YES;
				CLANG_WARN_EMPTY_BODY = YES;
				CLANG_WARN_ENUM_CONVERSION = YES;
				CLANG_WARN_INT_CONVERSION = YES;
				CLANG_WARN__DUPLICATE_METHOD_MATCH = YES;
				CODE_SIGN_IDENTITY = "iPhone Developer: James Hall (GP9RHSU4YV)";
				"CODE_SIGN_IDENTITY[sdk=iphoneos*]" = "iPhone Developer: James Hall (GP9RHSU4YV)";
				COPY_PHASE_STRIP = NO;
				GCC_C_LANGUAGE_STANDARD = gnu99;
				GCC_DYNAMIC_NO_PIC = NO;
				GCC_OPTIMIZATION_LEVEL = 0;
				GCC_PREPROCESSOR_DEFINITIONS = (
					"DEBUG=1",
					"$(inherited)",
				);
				GCC_SYMBOLS_PRIVATE_EXTERN = NO;
				GCC_WARN_ABOUT_RETURN_TYPE = YES;
				GCC_WARN_UNINITIALIZED_AUTOS = YES;
				GCC_WARN_UNUSED_VARIABLE = YES;
				IPHONEOS_DEPLOYMENT_TARGET = 7.0;
				ONLY_ACTIVE_ARCH = YES;
				PROVISIONING_PROFILE = "844382EC-8F5D-41CD-9D08-1A3E9DA40503";
				"PROVISIONING_PROFILE[sdk=iphoneos*]" = "844382EC-8F5D-41CD-9D08-1A3E9DA40503";
				SDKROOT = iphoneos;
			};
			name = Debug;
		};
		6588D05D17A4BCC500B6C498 /* Release */ = {
			isa = XCBuildConfiguration;
			buildSettings = {
				ALWAYS_SEARCH_USER_PATHS = NO;
				CLANG_CXX_LANGUAGE_STANDARD = "gnu++0x";
				CLANG_CXX_LIBRARY = "libc++";
				CLANG_ENABLE_MODULES = YES;
				CLANG_ENABLE_OBJC_ARC = YES;
				CLANG_WARN_CONSTANT_CONVERSION = YES;
				CLANG_WARN_EMPTY_BODY = YES;
				CLANG_WARN_ENUM_CONVERSION = YES;
				CLANG_WARN_INT_CONVERSION = YES;
				CLANG_WARN__DUPLICATE_METHOD_MATCH = YES;
				CODE_SIGN_IDENTITY = "iPhone Distribution: Localism Inc. (V35E94V5X8)";
				"CODE_SIGN_IDENTITY[sdk=iphoneos*]" = "iPhone Distribution: Localism Inc. (V35E94V5X8)";
				COPY_PHASE_STRIP = YES;
				GCC_C_LANGUAGE_STANDARD = gnu99;
				GCC_WARN_ABOUT_RETURN_TYPE = YES;
				GCC_WARN_UNINITIALIZED_AUTOS = YES;
				GCC_WARN_UNUSED_VARIABLE = YES;
				IPHONEOS_DEPLOYMENT_TARGET = 7.0;
				OTHER_CFLAGS = "-DNS_BLOCK_ASSERTIONS=1";
				PROVISIONING_PROFILE = "844382EC-8F5D-41CD-9D08-1A3E9DA40503";
				"PROVISIONING_PROFILE[sdk=iphoneos*]" = "844382EC-8F5D-41CD-9D08-1A3E9DA40503";
				SDKROOT = iphoneos;
				VALIDATE_PRODUCT = YES;
			};
			name = Release;
		};
		6588D05F17A4BCC500B6C498 /* Debug */ = {
			isa = XCBuildConfiguration;
			buildSettings = {
				CODE_SIGN_IDENTITY = "iPhone Developer";
				"CODE_SIGN_IDENTITY[sdk=iphoneos*]" = "iPhone Developer";
				FRAMEWORK_SEARCH_PATHS = (
					"$(inherited)",
					"\"$(SRCROOT)\"",
				);
				GCC_PRECOMPILE_PREFIX_HEADER = YES;
				GCC_PREFIX_HEADER = "#LOSAL/#LOSAL-Prefix.pch";
				INFOPLIST_FILE = "#LOSAL/#LOSAL-Info.plist";
				IPHONEOS_DEPLOYMENT_TARGET = 6.1;
				LIBRARY_SEARCH_PATHS = (
					"$(inherited)",
					"\"$(SRCROOT)/TestFlightSDK2.0.2\"",
				);
				PRODUCT_NAME = "$(TARGET_NAME)";
				PROVISIONING_PROFILE = "";
				"PROVISIONING_PROFILE[sdk=iphoneos*]" = "";
				WRAPPER_EXTENSION = app;
			};
			name = Debug;
		};
		6588D06017A4BCC500B6C498 /* Release */ = {
			isa = XCBuildConfiguration;
			buildSettings = {
				CODE_SIGN_IDENTITY = "iPhone Developer";
				"CODE_SIGN_IDENTITY[sdk=iphoneos*]" = "iPhone Developer";
				FRAMEWORK_SEARCH_PATHS = (
					"$(inherited)",
					"\"$(SRCROOT)\"",
				);
				GCC_PRECOMPILE_PREFIX_HEADER = YES;
				GCC_PREFIX_HEADER = "#LOSAL/#LOSAL-Prefix.pch";
				INFOPLIST_FILE = "#LOSAL/#LOSAL-Info.plist";
				IPHONEOS_DEPLOYMENT_TARGET = 6.1;
				LIBRARY_SEARCH_PATHS = (
					"$(inherited)",
					"\"$(SRCROOT)/TestFlightSDK2.0.2\"",
				);
				PRODUCT_NAME = "$(TARGET_NAME)";
				PROVISIONING_PROFILE = "";
				"PROVISIONING_PROFILE[sdk=iphoneos*]" = "";
				WRAPPER_EXTENSION = app;
			};
			name = Release;
		};
		6588D06217A4BCC500B6C498 /* Debug */ = {
			isa = XCBuildConfiguration;
			buildSettings = {
				BUNDLE_LOADER = "$(BUILT_PRODUCTS_DIR)/#LOSAL.app/#LOSAL";
				FRAMEWORK_SEARCH_PATHS = (
					"\"$(SDKROOT)/Developer/Library/Frameworks\"",
					"\"$(DEVELOPER_LIBRARY_DIR)/Frameworks\"",
				);
				GCC_PRECOMPILE_PREFIX_HEADER = YES;
				GCC_PREFIX_HEADER = "#LOSAL/#LOSAL-Prefix.pch";
				INFOPLIST_FILE = "#LOSALTests/#LOSALTests-Info.plist";
				PRODUCT_NAME = "$(TARGET_NAME)";
				TEST_HOST = "$(BUNDLE_LOADER)";
				WRAPPER_EXTENSION = octest;
			};
			name = Debug;
		};
		6588D06317A4BCC500B6C498 /* Release */ = {
			isa = XCBuildConfiguration;
			buildSettings = {
				BUNDLE_LOADER = "$(BUILT_PRODUCTS_DIR)/#LOSAL.app/#LOSAL";
				FRAMEWORK_SEARCH_PATHS = (
					"\"$(SDKROOT)/Developer/Library/Frameworks\"",
					"\"$(DEVELOPER_LIBRARY_DIR)/Frameworks\"",
				);
				GCC_PRECOMPILE_PREFIX_HEADER = YES;
				GCC_PREFIX_HEADER = "#LOSAL/#LOSAL-Prefix.pch";
				INFOPLIST_FILE = "#LOSALTests/#LOSALTests-Info.plist";
				PRODUCT_NAME = "$(TARGET_NAME)";
				TEST_HOST = "$(BUNDLE_LOADER)";
				WRAPPER_EXTENSION = octest;
			};
			name = Release;
		};
/* End XCBuildConfiguration section */

/* Begin XCConfigurationList section */
		6588D01E17A4BCC500B6C498 /* Build configuration list for PBXProject "#LOSAL" */ = {
			isa = XCConfigurationList;
			buildConfigurations = (
				6588D05C17A4BCC500B6C498 /* Debug */,
				6588D05D17A4BCC500B6C498 /* Release */,
			);
			defaultConfigurationIsVisible = 0;
			defaultConfigurationName = Release;
		};
		6588D05E17A4BCC500B6C498 /* Build configuration list for PBXNativeTarget "#LOSAL" */ = {
			isa = XCConfigurationList;
			buildConfigurations = (
				6588D05F17A4BCC500B6C498 /* Debug */,
				6588D06017A4BCC500B6C498 /* Release */,
			);
			defaultConfigurationIsVisible = 0;
			defaultConfigurationName = Release;
		};
		6588D06117A4BCC500B6C498 /* Build configuration list for PBXNativeTarget "#LOSALTests" */ = {
			isa = XCConfigurationList;
			buildConfigurations = (
				6588D06217A4BCC500B6C498 /* Debug */,
				6588D06317A4BCC500B6C498 /* Release */,
			);
			defaultConfigurationIsVisible = 0;
			defaultConfigurationName = Release;
		};
/* End XCConfigurationList section */
	};
	rootObject = 6588D01B17A4BCC500B6C498 /* Project object */;
}
